// !$*UTF8*$!
{
	archiveVersion = 1;
	classes = {
	};
	objectVersion = 52;
	objects = {

/* Begin PBXBuildFile section */
		2224224B266265A2001C4933 /* MyPagePopupViewController.swift in Sources */ = {isa = PBXBuildFile; fileRef = 2224224A266265A2001C4933 /* MyPagePopupViewController.swift */; };
		2224BA862639368100E620C4 /* CustomSegmentedControl.swift in Sources */ = {isa = PBXBuildFile; fileRef = 2224BA852639368100E620C4 /* CustomSegmentedControl.swift */; };
		2224BA892639378400E620C4 /* NewsContainerViewController.swift in Sources */ = {isa = PBXBuildFile; fileRef = 2224BA882639378400E620C4 /* NewsContainerViewController.swift */; };
		2224BA91263943B900E620C4 /* FeedPageViewController.swift in Sources */ = {isa = PBXBuildFile; fileRef = 2224BA90263943B900E620C4 /* FeedPageViewController.swift */; };
		2224BA972639694D00E620C4 /* FeedTableViewCell2.swift in Sources */ = {isa = PBXBuildFile; fileRef = 2224BA962639694D00E620C4 /* FeedTableViewCell2.swift */; };
		2224BA9B26396C1B00E620C4 /* FeedTableViewCell3.swift in Sources */ = {isa = PBXBuildFile; fileRef = 2224BA9A26396C1B00E620C4 /* FeedTableViewCell3.swift */; };
		2224BA9E26396D2500E620C4 /* FeedTableViewCell4.swift in Sources */ = {isa = PBXBuildFile; fileRef = 2224BA9D26396D2500E620C4 /* FeedTableViewCell4.swift */; };
		222BC6C22654DC90008C1CF2 /* SearchNewsfeedTableViewCell.swift in Sources */ = {isa = PBXBuildFile; fileRef = 222BC6C02654DC90008C1CF2 /* SearchNewsfeedTableViewCell.swift */; };
		222BC6C32654DC90008C1CF2 /* SearchNewsfeedTableViewCell.xib in Resources */ = {isa = PBXBuildFile; fileRef = 222BC6C12654DC90008C1CF2 /* SearchNewsfeedTableViewCell.xib */; };
		222BC6C52654DE58008C1CF2 /* SearchNewsfeedViewController.swift in Sources */ = {isa = PBXBuildFile; fileRef = 222BC6C42654DE58008C1CF2 /* SearchNewsfeedViewController.swift */; };
		222BC6C82654E681008C1CF2 /* Search.swift in Sources */ = {isa = PBXBuildFile; fileRef = 222BC6C72654E681008C1CF2 /* Search.swift */; };
		222BC6CA2654E8A3008C1CF2 /* SearchService.swift in Sources */ = {isa = PBXBuildFile; fileRef = 222BC6C92654E8A3008C1CF2 /* SearchService.swift */; };
		222BC6CD2654FF3D008C1CF2 /* NoneResultTableViewCell.swift in Sources */ = {isa = PBXBuildFile; fileRef = 222BC6CB2654FF3D008C1CF2 /* NoneResultTableViewCell.swift */; };
		222BC6CE2654FF3D008C1CF2 /* NoneResultTableViewCell.xib in Resources */ = {isa = PBXBuildFile; fileRef = 222BC6CC2654FF3D008C1CF2 /* NoneResultTableViewCell.xib */; };
		222BC6D026550AE0008C1CF2 /* String_extension.swift in Sources */ = {isa = PBXBuildFile; fileRef = 222BC6CF26550AE0008C1CF2 /* String_extension.swift */; };
		222BC6D32655169F008C1CF2 /* CompanyModel.xcdatamodeld in Sources */ = {isa = PBXBuildFile; fileRef = 222BC6D12655169F008C1CF2 /* CompanyModel.xcdatamodeld */; };
		222BC6FD26552112008C1CF2 /* PersistenceManager.swift in Sources */ = {isa = PBXBuildFile; fileRef = 222BC6FC26552112008C1CF2 /* PersistenceManager.swift */; };
		22618934262F07E900A9B77B /* NewsFeed.storyboard in Resources */ = {isa = PBXBuildFile; fileRef = 22618933262F07E900A9B77B /* NewsFeed.storyboard */; };
		22618938262F09EA00A9B77B /* FeedTableViewCell1.swift in Sources */ = {isa = PBXBuildFile; fileRef = 22618937262F09EA00A9B77B /* FeedTableViewCell1.swift */; };
		2261893E262F0A1400A9B77B /* MenuCollectionViewCell.swift in Sources */ = {isa = PBXBuildFile; fileRef = 2261893D262F0A1400A9B77B /* MenuCollectionViewCell.swift */; };
		22618942262F0DE100A9B77B /* NewsDetailsViewController.swift in Sources */ = {isa = PBXBuildFile; fileRef = 22618941262F0DE100A9B77B /* NewsDetailsViewController.swift */; };
		227874B82656A5D1004F97D0 /* CompanyResult.swift in Sources */ = {isa = PBXBuildFile; fileRef = 227874B72656A5D1004F97D0 /* CompanyResult.swift */; };
		227874BA2656A851004F97D0 /* CategoryData.json in Resources */ = {isa = PBXBuildFile; fileRef = 227874B92656A851004F97D0 /* CategoryData.json */; };
		227874BC2656AB8F004F97D0 /* CategoryService.swift in Sources */ = {isa = PBXBuildFile; fileRef = 227874BB2656AB8F004F97D0 /* CategoryService.swift */; };
		2292381E261B431700B50884 /* UIView_extension.swift in Sources */ = {isa = PBXBuildFile; fileRef = 2292381D261B431700B50884 /* UIView_extension.swift */; };
		22923829261B45CA00B50884 /* NSObject_extension.swift in Sources */ = {isa = PBXBuildFile; fileRef = 22923828261B45CA00B50884 /* NSObject_extension.swift */; };
		2292382C261B461300B50884 /* UIAlertController_extension.swift in Sources */ = {isa = PBXBuildFile; fileRef = 2292382B261B461300B50884 /* UIAlertController_extension.swift */; };
		22923834261B471C00B50884 /* UIViewController_extension.swift in Sources */ = {isa = PBXBuildFile; fileRef = 22923833261B471C00B50884 /* UIViewController_extension.swift */; };
		229B6FA6264017B900D28B52 /* Search.storyboard in Resources */ = {isa = PBXBuildFile; fileRef = 229B6FA5264017B900D28B52 /* Search.storyboard */; };
		229B6FAA2640276400D28B52 /* CategoryHeaderTableViewCell.swift in Sources */ = {isa = PBXBuildFile; fileRef = 229B6FA92640276400D28B52 /* CategoryHeaderTableViewCell.swift */; };
		229B6FB0264027B700D28B52 /* CategoryTableViewCell.swift in Sources */ = {isa = PBXBuildFile; fileRef = 229B6FAF264027B700D28B52 /* CategoryTableViewCell.swift */; };
		229B6FB3264027C500D28B52 /* CompanyTableViewCell.swift in Sources */ = {isa = PBXBuildFile; fileRef = 229B6FB2264027C500D28B52 /* CompanyTableViewCell.swift */; };
		229B6FB6264027D200D28B52 /* SearchHeaderTableViewCell.swift in Sources */ = {isa = PBXBuildFile; fileRef = 229B6FB5264027D200D28B52 /* SearchHeaderTableViewCell.swift */; };
		229B6FB9264027DA00D28B52 /* SearchTableViewCell.swift in Sources */ = {isa = PBXBuildFile; fileRef = 229B6FB8264027DA00D28B52 /* SearchTableViewCell.swift */; };
		22A05BAB264863B200AEA69D /* DetailsHeaderTableViewCell.swift in Sources */ = {isa = PBXBuildFile; fileRef = 22A05BAA264863B200AEA69D /* DetailsHeaderTableViewCell.swift */; };
		22A05BAE2648648B00AEA69D /* DetailsCompanyTableViewCell.swift in Sources */ = {isa = PBXBuildFile; fileRef = 22A05BAD2648648B00AEA69D /* DetailsCompanyTableViewCell.swift */; };
		22A05BB2264864A700AEA69D /* DetailsNewsTableViewCell.swift in Sources */ = {isa = PBXBuildFile; fileRef = 22A05BB1264864A700AEA69D /* DetailsNewsTableViewCell.swift */; };
		22A05BB5264864B900AEA69D /* DetailsCategoryTableViewCell.swift in Sources */ = {isa = PBXBuildFile; fileRef = 22A05BB4264864B900AEA69D /* DetailsCategoryTableViewCell.swift */; };
		22A05BB8264865F800AEA69D /* DetailsCategoryCollectionViewCell.swift in Sources */ = {isa = PBXBuildFile; fileRef = 22A05BB7264865F800AEA69D /* DetailsCategoryCollectionViewCell.swift */; };
		22BCFE14265FA137006741A3 /* MyPage.storyboard in Resources */ = {isa = PBXBuildFile; fileRef = 22BCFE13265FA137006741A3 /* MyPage.storyboard */; };
		22BCFE17265FAAD4006741A3 /* MyPageMainTableViewCell.swift in Sources */ = {isa = PBXBuildFile; fileRef = 22BCFE15265FAAD4006741A3 /* MyPageMainTableViewCell.swift */; };
		22BCFE18265FAAD4006741A3 /* MyPageMainTableViewCell.xib in Resources */ = {isa = PBXBuildFile; fileRef = 22BCFE16265FAAD4006741A3 /* MyPageMainTableViewCell.xib */; };
		22BCFE1A265FB587006741A3 /* NoticeViewController.swift in Sources */ = {isa = PBXBuildFile; fileRef = 22BCFE19265FB587006741A3 /* NoticeViewController.swift */; };
		22BCFE1D265FB6E1006741A3 /* NoticeTableViewCell.swift in Sources */ = {isa = PBXBuildFile; fileRef = 22BCFE1B265FB6E1006741A3 /* NoticeTableViewCell.swift */; };
		22BCFE1E265FB6E1006741A3 /* NoticeTableViewCell.xib in Resources */ = {isa = PBXBuildFile; fileRef = 22BCFE1C265FB6E1006741A3 /* NoticeTableViewCell.xib */; };
		22BCFE20265FC320006741A3 /* EditMyDataViewController.swift in Sources */ = {isa = PBXBuildFile; fileRef = 22BCFE1F265FC320006741A3 /* EditMyDataViewController.swift */; };
		22BCFE24265FDFC6006741A3 /* Cocogoose_trial.otf in Resources */ = {isa = PBXBuildFile; fileRef = 22BCFE23265FDEC2006741A3 /* Cocogoose_trial.otf */; };
		22BCFE27265FE5CE006741A3 /* Kingfisher in Frameworks */ = {isa = PBXBuildFile; productRef = 22BCFE26265FE5CE006741A3 /* Kingfisher */; };
		22BCFE29265FFFB2006741A3 /* MyPageService.swift in Sources */ = {isa = PBXBuildFile; fileRef = 22BCFE28265FFFB2006741A3 /* MyPageService.swift */; };
		22BCFE2C265FFFD9006741A3 /* Account.swift in Sources */ = {isa = PBXBuildFile; fileRef = 22BCFE2B265FFFD9006741A3 /* Account.swift */; };
		22BCFE302660BF00006741A3 /* NoticeDetailsViewController.swift in Sources */ = {isa = PBXBuildFile; fileRef = 22BCFE2F2660BF00006741A3 /* NoticeDetailsViewController.swift */; };
		22BCFE322660BF15006741A3 /* NoticeDetailsTableViewCell.swift in Sources */ = {isa = PBXBuildFile; fileRef = 22BCFE312660BF15006741A3 /* NoticeDetailsTableViewCell.swift */; };
		22CCD8B7264BE1E8005B6368 /* NewsFeed.swift in Sources */ = {isa = PBXBuildFile; fileRef = 22CCD8B6264BE1E8005B6368 /* NewsFeed.swift */; };
		22CCD8BA264BE4EC005B6368 /* NewsFeedService.swift in Sources */ = {isa = PBXBuildFile; fileRef = 22CCD8B9264BE4EC005B6368 /* NewsFeedService.swift */; };
		22CCD8BD264BE52B005B6368 /* APIService.swift in Sources */ = {isa = PBXBuildFile; fileRef = 22CCD8BC264BE52B005B6368 /* APIService.swift */; };
		22CCD8C2264D253C005B6368 /* FavoriteCompany.swift in Sources */ = {isa = PBXBuildFile; fileRef = 22CCD8C1264D253C005B6368 /* FavoriteCompany.swift */; };
		22CCD8C6264D6353005B6368 /* LoadingTableViewCell.swift in Sources */ = {isa = PBXBuildFile; fileRef = 22CCD8C4264D6353005B6368 /* LoadingTableViewCell.swift */; };
		22CCD8C7264D6353005B6368 /* LoadingTableViewCell.xib in Resources */ = {isa = PBXBuildFile; fileRef = 22CCD8C5264D6353005B6368 /* LoadingTableViewCell.xib */; };
		22EEBC622647FBD1009FF3FA /* CategoryCollectionViewCell.swift in Sources */ = {isa = PBXBuildFile; fileRef = 22EEBC612647FBD1009FF3FA /* CategoryCollectionViewCell.swift */; };
		22EEBC6626481E84009FF3FA /* CompanyNewsTableViewCell.swift in Sources */ = {isa = PBXBuildFile; fileRef = 22EEBC6526481E84009FF3FA /* CompanyNewsTableViewCell.swift */; };
		22EEBC6C264831AA009FF3FA /* CategoryDetailsViewController.swift in Sources */ = {isa = PBXBuildFile; fileRef = 22EEBC6B264831AA009FF3FA /* CategoryDetailsViewController.swift */; };
		F11D81782684637D008B28F1 /* MyFavoriteEditDetailCell.swift in Sources */ = {isa = PBXBuildFile; fileRef = F11D81772684637D008B28F1 /* MyFavoriteEditDetailCell.swift */; };
		F121DED526185A6C00B09F21 /* .swiftlint.yml in Resources */ = {isa = PBXBuildFile; fileRef = F121DED426185A6C00B09F21 /* .swiftlint.yml */; };
		F121DEDC26185C3000B09F21 /* MainViewController.swift in Sources */ = {isa = PBXBuildFile; fileRef = F121DEDB26185C3000B09F21 /* MainViewController.swift */; };
		F121DEEE261B3C9B00B09F21 /* UIColor_extension.swift in Sources */ = {isa = PBXBuildFile; fileRef = F121DEED261B3C9B00B09F21 /* UIColor_extension.swift */; };
		F121DEF1261B3CD100B09F21 /* NetworkModule.swift in Sources */ = {isa = PBXBuildFile; fileRef = F121DEF0261B3CD100B09F21 /* NetworkModule.swift */; };
		F121DF132623049600B09F21 /* LoginViewController.swift in Sources */ = {isa = PBXBuildFile; fileRef = F121DF122623049600B09F21 /* LoginViewController.swift */; };
		F121DF172623075B00B09F21 /* SignUpViewController.swift in Sources */ = {isa = PBXBuildFile; fileRef = F121DF162623075B00B09F21 /* SignUpViewController.swift */; };
		F121DF1A2623083400B09F21 /* MainTabBarController.swift in Sources */ = {isa = PBXBuildFile; fileRef = F121DF192623083400B09F21 /* MainTabBarController.swift */; };
		F121DF1D2623087900B09F21 /* HomeViewController.swift in Sources */ = {isa = PBXBuildFile; fileRef = F121DF1C2623087900B09F21 /* HomeViewController.swift */; };
		F121DF20262308AC00B09F21 /* SearchViewController.swift in Sources */ = {isa = PBXBuildFile; fileRef = F121DF1F262308AC00B09F21 /* SearchViewController.swift */; };
		F121DF23262308C500B09F21 /* NewsFeedViewController.swift in Sources */ = {isa = PBXBuildFile; fileRef = F121DF22262308C500B09F21 /* NewsFeedViewController.swift */; };
		F121DF26262308DF00B09F21 /* MypageViewController.swift in Sources */ = {isa = PBXBuildFile; fileRef = F121DF25262308DF00B09F21 /* MypageViewController.swift */; };
		F121DF2B26230BA000B09F21 /* TabBarFactory.swift in Sources */ = {isa = PBXBuildFile; fileRef = F121DF2A26230BA000B09F21 /* TabBarFactory.swift */; };
		F1278FF026595BD30069CFDB /* Lottie in Frameworks */ = {isa = PBXBuildFile; productRef = F1278FEF26595BD30069CFDB /* Lottie */; };
		F1278FF226595EA10069CFDB /* LaunchViewController.swift in Sources */ = {isa = PBXBuildFile; fileRef = F1278FF126595EA10069CFDB /* LaunchViewController.swift */; };
		F1278FF626595FA10069CFDB /* LogoLottie.json in Resources */ = {isa = PBXBuildFile; fileRef = F1278FF526595FA10069CFDB /* LogoLottie.json */; };
		F1278FF8265A5DA80069CFDB /* StockType.swift in Sources */ = {isa = PBXBuildFile; fileRef = F1278FF7265A5DA80069CFDB /* StockType.swift */; };
		F1278FFA265A68240069CFDB /* HomeDetailPriceView.swift in Sources */ = {isa = PBXBuildFile; fileRef = F1278FF9265A68240069CFDB /* HomeDetailPriceView.swift */; };
		F1278FFD265ABB860069CFDB /* RandomPickViewController.swift in Sources */ = {isa = PBXBuildFile; fileRef = F1278FFC265ABB860069CFDB /* RandomPickViewController.swift */; };
		F1504BC6263AF3DC007C82F2 /* SlideOpenView.swift in Sources */ = {isa = PBXBuildFile; fileRef = F1504BC5263AF3DC007C82F2 /* SlideOpenView.swift */; };
		F1504BC8263AF4CF007C82F2 /* RoundShadowView.swift in Sources */ = {isa = PBXBuildFile; fileRef = F1504BC7263AF4CF007C82F2 /* RoundShadowView.swift */; };
		F1504BCA263B00C2007C82F2 /* GreetingCell.swift in Sources */ = {isa = PBXBuildFile; fileRef = F1504BC9263B00C2007C82F2 /* GreetingCell.swift */; };
		F1504BCE263C7DBC007C82F2 /* imgBubbleStart.svg in Resources */ = {isa = PBXBuildFile; fileRef = F1504BCD263C7DBC007C82F2 /* imgBubbleStart.svg */; };
		F1562901262DC538004FB256 /* HomeGreetingHeaderView.swift in Sources */ = {isa = PBXBuildFile; fileRef = F1562900262DC538004FB256 /* HomeGreetingHeaderView.swift */; };
		F1562904262DC89B004FB256 /* HomeGridCell.swift in Sources */ = {isa = PBXBuildFile; fileRef = F1562903262DC89B004FB256 /* HomeGridCell.swift */; };
		F1734759261855C5009EC5D6 /* AppDelegate.swift in Sources */ = {isa = PBXBuildFile; fileRef = F1734758261855C5009EC5D6 /* AppDelegate.swift */; };
		F173475B261855C5009EC5D6 /* SceneDelegate.swift in Sources */ = {isa = PBXBuildFile; fileRef = F173475A261855C5009EC5D6 /* SceneDelegate.swift */; };
		F1734760261855C5009EC5D6 /* Main.storyboard in Resources */ = {isa = PBXBuildFile; fileRef = F173475E261855C5009EC5D6 /* Main.storyboard */; };
		F1734762261855CA009EC5D6 /* Assets.xcassets in Resources */ = {isa = PBXBuildFile; fileRef = F1734761261855CA009EC5D6 /* Assets.xcassets */; };
		F1734765261855CA009EC5D6 /* LaunchScreen.storyboard in Resources */ = {isa = PBXBuildFile; fileRef = F1734763261855CA009EC5D6 /* LaunchScreen.storyboard */; };
		F177F9FF26D13700004D7EE4 /* HomeDetailRepository.swift in Sources */ = {isa = PBXBuildFile; fileRef = F177F9FE26D13700004D7EE4 /* HomeDetailRepository.swift */; };
		F177FA0126D140C3004D7EE4 /* HomeDetail.swift in Sources */ = {isa = PBXBuildFile; fileRef = F177FA0026D140C3004D7EE4 /* HomeDetail.swift */; };
		F1A8DF582635925700937B31 /* Company.swift in Sources */ = {isa = PBXBuildFile; fileRef = F1A8DF572635925700937B31 /* Company.swift */; };
		F1A8DF5D2635963700937B31 /* HomeRepository.swift in Sources */ = {isa = PBXBuildFile; fileRef = F1A8DF5C2635963700937B31 /* HomeRepository.swift */; };
		F1A8DF602635C8D900937B31 /* HomeViewModel.swift in Sources */ = {isa = PBXBuildFile; fileRef = F1A8DF5F2635C8D900937B31 /* HomeViewModel.swift */; };
		F1A8DF652635D3B200937B31 /* HomeDummy.json in Resources */ = {isa = PBXBuildFile; fileRef = F1A8DF642635D3B200937B31 /* HomeDummy.json */; };
		F1A8DF712637179700937B31 /* HomeHorizontalGridCell.swift in Sources */ = {isa = PBXBuildFile; fileRef = F1A8DF702637179700937B31 /* HomeHorizontalGridCell.swift */; };
		F1B67192270DAF2200BE19D0 /* HomeGridConsensusView.swift in Sources */ = {isa = PBXBuildFile; fileRef = F1B67191270DAF2200BE19D0 /* HomeGridConsensusView.swift */; };
		F1C6B401264EA277001E8510 /* Combine_extension.swift in Sources */ = {isa = PBXBuildFile; fileRef = F1C6B400264EA277001E8510 /* Combine_extension.swift */; };
		F1C6B403264EA314001E8510 /* SignInputFieldView.swift in Sources */ = {isa = PBXBuildFile; fileRef = F1C6B402264EA314001E8510 /* SignInputFieldView.swift */; };
		F1C6B405264EBB21001E8510 /* LoginViewModel.swift in Sources */ = {isa = PBXBuildFile; fileRef = F1C6B404264EBB21001E8510 /* LoginViewModel.swift */; };
		F1C6B407264EC546001E8510 /* SignupFlowViewController.swift in Sources */ = {isa = PBXBuildFile; fileRef = F1C6B406264EC546001E8510 /* SignupFlowViewController.swift */; };
		F1C6B409264EC6D7001E8510 /* SignupEmailViewController.swift in Sources */ = {isa = PBXBuildFile; fileRef = F1C6B408264EC6D7001E8510 /* SignupEmailViewController.swift */; };
		F1C6B40B264FC617001E8510 /* SignupNicknameViewController.swift in Sources */ = {isa = PBXBuildFile; fileRef = F1C6B40A264FC617001E8510 /* SignupNicknameViewController.swift */; };
		F1C6B40D264FCF51001E8510 /* SignupPasswordViewController.swift in Sources */ = {isa = PBXBuildFile; fileRef = F1C6B40C264FCF51001E8510 /* SignupPasswordViewController.swift */; };
		F1C6B40F264FD411001E8510 /* SignupRepasswordViewController.swift in Sources */ = {isa = PBXBuildFile; fileRef = F1C6B40E264FD411001E8510 /* SignupRepasswordViewController.swift */; };
		F1C6B411264FD6CD001E8510 /* SignupInterestingViewController.swift in Sources */ = {isa = PBXBuildFile; fileRef = F1C6B410264FD6CD001E8510 /* SignupInterestingViewController.swift */; };
		F1C6B413264FDD46001E8510 /* SingupInterestingCell.swift in Sources */ = {isa = PBXBuildFile; fileRef = F1C6B412264FDD46001E8510 /* SingupInterestingCell.swift */; };
		F1C6B4152651376D001E8510 /* SingupNicknameViewModel.swift in Sources */ = {isa = PBXBuildFile; fileRef = F1C6B4142651376C001E8510 /* SingupNicknameViewModel.swift */; };
		F1C6B41726515C96001E8510 /* SignupEmailViewModel.swift in Sources */ = {isa = PBXBuildFile; fileRef = F1C6B41626515C95001E8510 /* SignupEmailViewModel.swift */; };
		F1C6B419265160FC001E8510 /* SignupPasswordViewModel.swift in Sources */ = {isa = PBXBuildFile; fileRef = F1C6B418265160FC001E8510 /* SignupPasswordViewModel.swift */; };
		F1C6B41B26516BD1001E8510 /* SignupRePasswordViewModel.swift in Sources */ = {isa = PBXBuildFile; fileRef = F1C6B41A26516BD1001E8510 /* SignupRePasswordViewModel.swift */; };
		F1C6B41D2652997E001E8510 /* CombineNetworkModule.swift in Sources */ = {isa = PBXBuildFile; fileRef = F1C6B41C2652997E001E8510 /* CombineNetworkModule.swift */; };
		F1C6B41F2652BCEC001E8510 /* SignupInterestingViewModel.swift in Sources */ = {isa = PBXBuildFile; fileRef = F1C6B41E2652BCEB001E8510 /* SignupInterestingViewModel.swift */; };
		F1C6B4212652CC81001E8510 /* TermsAndConditionsViewController.swift in Sources */ = {isa = PBXBuildFile; fileRef = F1C6B4202652CC81001E8510 /* TermsAndConditionsViewController.swift */; };
		F1C6B4232654435A001E8510 /* SearchPasswordViewController.swift in Sources */ = {isa = PBXBuildFile; fileRef = F1C6B4222654435A001E8510 /* SearchPasswordViewController.swift */; };
		F1C6B425265444C3001E8510 /* SearchPasswordViewModel.swift in Sources */ = {isa = PBXBuildFile; fileRef = F1C6B424265444C3001E8510 /* SearchPasswordViewModel.swift */; };
		F1C6B4292655652F001E8510 /* ServiceInfoConditionViewController.swift in Sources */ = {isa = PBXBuildFile; fileRef = F1C6B4282655652F001E8510 /* ServiceInfoConditionViewController.swift */; };
		F1CC8E9726BE732D00352835 /* Date._extension.swift in Sources */ = {isa = PBXBuildFile; fileRef = F1CC8E9626BE732D00352835 /* Date._extension.swift */; };
		F1D3470C263EBD4B00E63483 /* InterestedCompanyCell.swift in Sources */ = {isa = PBXBuildFile; fileRef = F1D3470B263EBD4B00E63483 /* InterestedCompanyCell.swift */; };
		F1D3470F264045C800E63483 /* UITableView_extension.swift in Sources */ = {isa = PBXBuildFile; fileRef = F1D3470E264045C800E63483 /* UITableView_extension.swift */; };
		F1D34713264046A700E63483 /* HomeNewsCell.swift in Sources */ = {isa = PBXBuildFile; fileRef = F1D34712264046A700E63483 /* HomeNewsCell.swift */; };
		F1D34715264046E700E63483 /* PaddingLabel.swift in Sources */ = {isa = PBXBuildFile; fileRef = F1D34714264046E700E63483 /* PaddingLabel.swift */; };
		F1D347182640481A00E63483 /* HomeGridCellPriceView.swift in Sources */ = {isa = PBXBuildFile; fileRef = F1D347172640481A00E63483 /* HomeGridCellPriceView.swift */; };
		F1D3471A2640485C00E63483 /* HomeGridCellNewsView.swift in Sources */ = {isa = PBXBuildFile; fileRef = F1D347192640485C00E63483 /* HomeGridCellNewsView.swift */; };
		F1D3471C264048DC00E63483 /* GradientView.swift in Sources */ = {isa = PBXBuildFile; fileRef = F1D3471B264048DC00E63483 /* GradientView.swift */; };
		F1D3471E26404BC700E63483 /* Cocogoose-Pro-Semilight-trial.ttf in Resources */ = {isa = PBXBuildFile; fileRef = F1D3471D26404BB600E63483 /* Cocogoose-Pro-Semilight-trial.ttf */; };
		F1D3472026404C3900E63483 /* UIFont_extension.swift in Sources */ = {isa = PBXBuildFile; fileRef = F1D3471F26404C3900E63483 /* UIFont_extension.swift */; };
		F1D7AA04267A294700696EA9 /* HomeTitleHeaderView.swift in Sources */ = {isa = PBXBuildFile; fileRef = F1D7AA03267A294700696EA9 /* HomeTitleHeaderView.swift */; };
		F1DC2962265C1A0300B51749 /* RandomAlertViewController.swift in Sources */ = {isa = PBXBuildFile; fileRef = F1DC2961265C1A0300B51749 /* RandomAlertViewController.swift */; };
		F1DC29662660159900B51749 /* TermsAndConditions.json in Resources */ = {isa = PBXBuildFile; fileRef = F1DC29652660159800B51749 /* TermsAndConditions.json */; };
		F1F1D12F2641631300FE8C15 /* HomeDetailViewController.swift in Sources */ = {isa = PBXBuildFile; fileRef = F1F1D12E2641631300FE8C15 /* HomeDetailViewController.swift */; };
		F1F1D1312641661A00FE8C15 /* HomeDetailHeaderView.swift in Sources */ = {isa = PBXBuildFile; fileRef = F1F1D1302641661A00FE8C15 /* HomeDetailHeaderView.swift */; };
		F1F1D1332641944F00FE8C15 /* HomeDetailLineChartCell.swift in Sources */ = {isa = PBXBuildFile; fileRef = F1F1D1322641944F00FE8C15 /* HomeDetailLineChartCell.swift */; };
		F1F1D14B26455F7E00FE8C15 /* HomeDetailNewsCell.swift in Sources */ = {isa = PBXBuildFile; fileRef = F1F1D14A26455F7E00FE8C15 /* HomeDetailNewsCell.swift */; };
		F1F1D14D26455FC400FE8C15 /* HomeDetailNewsListCell.swift in Sources */ = {isa = PBXBuildFile; fileRef = F1F1D14C26455FC400FE8C15 /* HomeDetailNewsListCell.swift */; };
		F1F1D14F264563D400FE8C15 /* Colors.xcassets in Resources */ = {isa = PBXBuildFile; fileRef = F1F1D14E264563D400FE8C15 /* Colors.xcassets */; };
		F1F1D1512645701700FE8C15 /* HomeDetailBarChartCell.swift in Sources */ = {isa = PBXBuildFile; fileRef = F1F1D1502645701700FE8C15 /* HomeDetailBarChartCell.swift */; };
		F1F1D1552649690400FE8C15 /* HomeDetailRelativeCell.swift in Sources */ = {isa = PBXBuildFile; fileRef = F1F1D1542649690400FE8C15 /* HomeDetailRelativeCell.swift */; };
		F1F1D158264BF91300FE8C15 /* AppColor.swift in Sources */ = {isa = PBXBuildFile; fileRef = F1F1D157264BF91300FE8C15 /* AppColor.swift */; };
		F1F5A0ED26A7255A00E63980 /* MyFavoriteCompanyInHomeCell.swift in Sources */ = {isa = PBXBuildFile; fileRef = F1F5A0EC26A7255A00E63980 /* MyFavoriteCompanyInHomeCell.swift */; };
		F1F9C7C427184D01006919C5 /* HomeGridEmptyView.swift in Sources */ = {isa = PBXBuildFile; fileRef = F1F9C7C327184D01006919C5 /* HomeGridEmptyView.swift */; };
		F1FA90A0267DE403006A14ED /* MyFavoriteViewController.swift in Sources */ = {isa = PBXBuildFile; fileRef = F1FA909F267DE403006A14ED /* MyFavoriteViewController.swift */; };
		F1FA90A2267DFCD3006A14ED /* MyFavoriteDetailCell.swift in Sources */ = {isa = PBXBuildFile; fileRef = F1FA90A1267DFCD3006A14ED /* MyFavoriteDetailCell.swift */; };
		F1FA90A4267E115E006A14ED /* MyFavoriteCompanyCell.swift in Sources */ = {isa = PBXBuildFile; fileRef = F1FA90A3267E115E006A14ED /* MyFavoriteCompanyCell.swift */; };
		F1FA90A626820FE7006A14ED /* MyFavoriteHeaderView.swift in Sources */ = {isa = PBXBuildFile; fileRef = F1FA90A526820FE6006A14ED /* MyFavoriteHeaderView.swift */; };
		F1FA90A826821A9D006A14ED /* MyFavoriteDetailHeaderView.swift in Sources */ = {isa = PBXBuildFile; fileRef = F1FA90A726821A9D006A14ED /* MyFavoriteDetailHeaderView.swift */; };
/* End PBXBuildFile section */

/* Begin PBXFileReference section */
		2224224A266265A2001C4933 /* MyPagePopupViewController.swift */ = {isa = PBXFileReference; lastKnownFileType = sourcecode.swift; path = MyPagePopupViewController.swift; sourceTree = "<group>"; };
		2224BA852639368100E620C4 /* CustomSegmentedControl.swift */ = {isa = PBXFileReference; lastKnownFileType = sourcecode.swift; path = CustomSegmentedControl.swift; sourceTree = "<group>"; };
		2224BA882639378400E620C4 /* NewsContainerViewController.swift */ = {isa = PBXFileReference; lastKnownFileType = sourcecode.swift; path = NewsContainerViewController.swift; sourceTree = "<group>"; };
		2224BA90263943B900E620C4 /* FeedPageViewController.swift */ = {isa = PBXFileReference; lastKnownFileType = sourcecode.swift; path = FeedPageViewController.swift; sourceTree = "<group>"; };
		2224BA962639694D00E620C4 /* FeedTableViewCell2.swift */ = {isa = PBXFileReference; lastKnownFileType = sourcecode.swift; path = FeedTableViewCell2.swift; sourceTree = "<group>"; };
		2224BA9A26396C1B00E620C4 /* FeedTableViewCell3.swift */ = {isa = PBXFileReference; lastKnownFileType = sourcecode.swift; path = FeedTableViewCell3.swift; sourceTree = "<group>"; };
		2224BA9D26396D2500E620C4 /* FeedTableViewCell4.swift */ = {isa = PBXFileReference; lastKnownFileType = sourcecode.swift; path = FeedTableViewCell4.swift; sourceTree = "<group>"; };
		222BC6C02654DC90008C1CF2 /* SearchNewsfeedTableViewCell.swift */ = {isa = PBXFileReference; lastKnownFileType = sourcecode.swift; path = SearchNewsfeedTableViewCell.swift; sourceTree = "<group>"; };
		222BC6C12654DC90008C1CF2 /* SearchNewsfeedTableViewCell.xib */ = {isa = PBXFileReference; lastKnownFileType = file.xib; path = SearchNewsfeedTableViewCell.xib; sourceTree = "<group>"; };
		222BC6C42654DE58008C1CF2 /* SearchNewsfeedViewController.swift */ = {isa = PBXFileReference; lastKnownFileType = sourcecode.swift; path = SearchNewsfeedViewController.swift; sourceTree = "<group>"; };
		222BC6C72654E681008C1CF2 /* Search.swift */ = {isa = PBXFileReference; lastKnownFileType = sourcecode.swift; path = Search.swift; sourceTree = "<group>"; };
		222BC6C92654E8A3008C1CF2 /* SearchService.swift */ = {isa = PBXFileReference; lastKnownFileType = sourcecode.swift; path = SearchService.swift; sourceTree = "<group>"; };
		222BC6CB2654FF3D008C1CF2 /* NoneResultTableViewCell.swift */ = {isa = PBXFileReference; lastKnownFileType = sourcecode.swift; path = NoneResultTableViewCell.swift; sourceTree = "<group>"; };
		222BC6CC2654FF3D008C1CF2 /* NoneResultTableViewCell.xib */ = {isa = PBXFileReference; lastKnownFileType = file.xib; path = NoneResultTableViewCell.xib; sourceTree = "<group>"; };
		222BC6CF26550AE0008C1CF2 /* String_extension.swift */ = {isa = PBXFileReference; lastKnownFileType = sourcecode.swift; path = String_extension.swift; sourceTree = "<group>"; };
		222BC6D22655169F008C1CF2 /* CompanyModel.xcdatamodel */ = {isa = PBXFileReference; lastKnownFileType = wrapper.xcdatamodel; path = CompanyModel.xcdatamodel; sourceTree = "<group>"; };
		222BC6FC26552112008C1CF2 /* PersistenceManager.swift */ = {isa = PBXFileReference; lastKnownFileType = sourcecode.swift; path = PersistenceManager.swift; sourceTree = "<group>"; };
		22618933262F07E900A9B77B /* NewsFeed.storyboard */ = {isa = PBXFileReference; lastKnownFileType = file.storyboard; path = NewsFeed.storyboard; sourceTree = "<group>"; };
		22618937262F09EA00A9B77B /* FeedTableViewCell1.swift */ = {isa = PBXFileReference; lastKnownFileType = sourcecode.swift; path = FeedTableViewCell1.swift; sourceTree = "<group>"; };
		2261893D262F0A1400A9B77B /* MenuCollectionViewCell.swift */ = {isa = PBXFileReference; lastKnownFileType = sourcecode.swift; path = MenuCollectionViewCell.swift; sourceTree = "<group>"; };
		22618941262F0DE100A9B77B /* NewsDetailsViewController.swift */ = {isa = PBXFileReference; lastKnownFileType = sourcecode.swift; path = NewsDetailsViewController.swift; sourceTree = "<group>"; };
		227874B72656A5D1004F97D0 /* CompanyResult.swift */ = {isa = PBXFileReference; lastKnownFileType = sourcecode.swift; path = CompanyResult.swift; sourceTree = "<group>"; };
		227874B92656A851004F97D0 /* CategoryData.json */ = {isa = PBXFileReference; lastKnownFileType = text.json; path = CategoryData.json; sourceTree = "<group>"; };
		227874BB2656AB8F004F97D0 /* CategoryService.swift */ = {isa = PBXFileReference; lastKnownFileType = sourcecode.swift; path = CategoryService.swift; sourceTree = "<group>"; };
		2292381D261B431700B50884 /* UIView_extension.swift */ = {isa = PBXFileReference; lastKnownFileType = sourcecode.swift; path = UIView_extension.swift; sourceTree = "<group>"; };
		22923828261B45CA00B50884 /* NSObject_extension.swift */ = {isa = PBXFileReference; lastKnownFileType = sourcecode.swift; path = NSObject_extension.swift; sourceTree = "<group>"; };
		2292382B261B461300B50884 /* UIAlertController_extension.swift */ = {isa = PBXFileReference; lastKnownFileType = sourcecode.swift; path = UIAlertController_extension.swift; sourceTree = "<group>"; };
		22923833261B471C00B50884 /* UIViewController_extension.swift */ = {isa = PBXFileReference; lastKnownFileType = sourcecode.swift; path = UIViewController_extension.swift; sourceTree = "<group>"; };
		229B6FA5264017B900D28B52 /* Search.storyboard */ = {isa = PBXFileReference; lastKnownFileType = file.storyboard; path = Search.storyboard; sourceTree = "<group>"; };
		229B6FA92640276400D28B52 /* CategoryHeaderTableViewCell.swift */ = {isa = PBXFileReference; lastKnownFileType = sourcecode.swift; path = CategoryHeaderTableViewCell.swift; sourceTree = "<group>"; };
		229B6FAF264027B700D28B52 /* CategoryTableViewCell.swift */ = {isa = PBXFileReference; lastKnownFileType = sourcecode.swift; path = CategoryTableViewCell.swift; sourceTree = "<group>"; };
		229B6FB2264027C500D28B52 /* CompanyTableViewCell.swift */ = {isa = PBXFileReference; lastKnownFileType = sourcecode.swift; path = CompanyTableViewCell.swift; sourceTree = "<group>"; };
		229B6FB5264027D200D28B52 /* SearchHeaderTableViewCell.swift */ = {isa = PBXFileReference; lastKnownFileType = sourcecode.swift; path = SearchHeaderTableViewCell.swift; sourceTree = "<group>"; };
		229B6FB8264027DA00D28B52 /* SearchTableViewCell.swift */ = {isa = PBXFileReference; lastKnownFileType = sourcecode.swift; path = SearchTableViewCell.swift; sourceTree = "<group>"; };
		22A05BAA264863B200AEA69D /* DetailsHeaderTableViewCell.swift */ = {isa = PBXFileReference; lastKnownFileType = sourcecode.swift; path = DetailsHeaderTableViewCell.swift; sourceTree = "<group>"; };
		22A05BAD2648648B00AEA69D /* DetailsCompanyTableViewCell.swift */ = {isa = PBXFileReference; lastKnownFileType = sourcecode.swift; path = DetailsCompanyTableViewCell.swift; sourceTree = "<group>"; };
		22A05BB1264864A700AEA69D /* DetailsNewsTableViewCell.swift */ = {isa = PBXFileReference; lastKnownFileType = sourcecode.swift; path = DetailsNewsTableViewCell.swift; sourceTree = "<group>"; };
		22A05BB4264864B900AEA69D /* DetailsCategoryTableViewCell.swift */ = {isa = PBXFileReference; lastKnownFileType = sourcecode.swift; path = DetailsCategoryTableViewCell.swift; sourceTree = "<group>"; };
		22A05BB7264865F800AEA69D /* DetailsCategoryCollectionViewCell.swift */ = {isa = PBXFileReference; lastKnownFileType = sourcecode.swift; path = DetailsCategoryCollectionViewCell.swift; sourceTree = "<group>"; };
		22BCFE13265FA137006741A3 /* MyPage.storyboard */ = {isa = PBXFileReference; lastKnownFileType = file.storyboard; path = MyPage.storyboard; sourceTree = "<group>"; };
		22BCFE15265FAAD4006741A3 /* MyPageMainTableViewCell.swift */ = {isa = PBXFileReference; lastKnownFileType = sourcecode.swift; path = MyPageMainTableViewCell.swift; sourceTree = "<group>"; };
		22BCFE16265FAAD4006741A3 /* MyPageMainTableViewCell.xib */ = {isa = PBXFileReference; lastKnownFileType = file.xib; path = MyPageMainTableViewCell.xib; sourceTree = "<group>"; };
		22BCFE19265FB587006741A3 /* NoticeViewController.swift */ = {isa = PBXFileReference; lastKnownFileType = sourcecode.swift; path = NoticeViewController.swift; sourceTree = "<group>"; };
		22BCFE1B265FB6E1006741A3 /* NoticeTableViewCell.swift */ = {isa = PBXFileReference; lastKnownFileType = sourcecode.swift; path = NoticeTableViewCell.swift; sourceTree = "<group>"; };
		22BCFE1C265FB6E1006741A3 /* NoticeTableViewCell.xib */ = {isa = PBXFileReference; lastKnownFileType = file.xib; path = NoticeTableViewCell.xib; sourceTree = "<group>"; };
		22BCFE1F265FC320006741A3 /* EditMyDataViewController.swift */ = {isa = PBXFileReference; lastKnownFileType = sourcecode.swift; path = EditMyDataViewController.swift; sourceTree = "<group>"; };
		22BCFE23265FDEC2006741A3 /* Cocogoose_trial.otf */ = {isa = PBXFileReference; lastKnownFileType = file; path = Cocogoose_trial.otf; sourceTree = "<group>"; };
		22BCFE28265FFFB2006741A3 /* MyPageService.swift */ = {isa = PBXFileReference; lastKnownFileType = sourcecode.swift; path = MyPageService.swift; sourceTree = "<group>"; };
		22BCFE2B265FFFD9006741A3 /* Account.swift */ = {isa = PBXFileReference; lastKnownFileType = sourcecode.swift; path = Account.swift; sourceTree = "<group>"; };
		22BCFE2F2660BF00006741A3 /* NoticeDetailsViewController.swift */ = {isa = PBXFileReference; lastKnownFileType = sourcecode.swift; path = NoticeDetailsViewController.swift; sourceTree = "<group>"; };
		22BCFE312660BF15006741A3 /* NoticeDetailsTableViewCell.swift */ = {isa = PBXFileReference; lastKnownFileType = sourcecode.swift; path = NoticeDetailsTableViewCell.swift; sourceTree = "<group>"; };
		22CCD8B6264BE1E8005B6368 /* NewsFeed.swift */ = {isa = PBXFileReference; lastKnownFileType = sourcecode.swift; path = NewsFeed.swift; sourceTree = "<group>"; };
		22CCD8B9264BE4EC005B6368 /* NewsFeedService.swift */ = {isa = PBXFileReference; lastKnownFileType = sourcecode.swift; path = NewsFeedService.swift; sourceTree = "<group>"; };
		22CCD8BC264BE52B005B6368 /* APIService.swift */ = {isa = PBXFileReference; lastKnownFileType = sourcecode.swift; path = APIService.swift; sourceTree = "<group>"; };
		22CCD8C1264D253C005B6368 /* FavoriteCompany.swift */ = {isa = PBXFileReference; lastKnownFileType = sourcecode.swift; path = FavoriteCompany.swift; sourceTree = "<group>"; };
		22CCD8C4264D6353005B6368 /* LoadingTableViewCell.swift */ = {isa = PBXFileReference; lastKnownFileType = sourcecode.swift; path = LoadingTableViewCell.swift; sourceTree = "<group>"; };
		22CCD8C5264D6353005B6368 /* LoadingTableViewCell.xib */ = {isa = PBXFileReference; lastKnownFileType = file.xib; path = LoadingTableViewCell.xib; sourceTree = "<group>"; };
		22EEBC612647FBD1009FF3FA /* CategoryCollectionViewCell.swift */ = {isa = PBXFileReference; lastKnownFileType = sourcecode.swift; path = CategoryCollectionViewCell.swift; sourceTree = "<group>"; };
		22EEBC6526481E84009FF3FA /* CompanyNewsTableViewCell.swift */ = {isa = PBXFileReference; lastKnownFileType = sourcecode.swift; path = CompanyNewsTableViewCell.swift; sourceTree = "<group>"; };
		22EEBC6B264831AA009FF3FA /* CategoryDetailsViewController.swift */ = {isa = PBXFileReference; lastKnownFileType = sourcecode.swift; path = CategoryDetailsViewController.swift; sourceTree = "<group>"; };
		F11D81772684637D008B28F1 /* MyFavoriteEditDetailCell.swift */ = {isa = PBXFileReference; lastKnownFileType = sourcecode.swift; path = MyFavoriteEditDetailCell.swift; sourceTree = "<group>"; };
		F121DED426185A6C00B09F21 /* .swiftlint.yml */ = {isa = PBXFileReference; lastKnownFileType = text.yaml; path = .swiftlint.yml; sourceTree = "<group>"; };
		F121DEDB26185C3000B09F21 /* MainViewController.swift */ = {isa = PBXFileReference; lastKnownFileType = sourcecode.swift; path = MainViewController.swift; sourceTree = "<group>"; };
		F121DEED261B3C9B00B09F21 /* UIColor_extension.swift */ = {isa = PBXFileReference; lastKnownFileType = sourcecode.swift; path = UIColor_extension.swift; sourceTree = "<group>"; };
		F121DEF0261B3CD100B09F21 /* NetworkModule.swift */ = {isa = PBXFileReference; lastKnownFileType = sourcecode.swift; name = NetworkModule.swift; path = Digin/Common/Extension/NetworkModule.swift; sourceTree = SOURCE_ROOT; };
		F121DF122623049600B09F21 /* LoginViewController.swift */ = {isa = PBXFileReference; lastKnownFileType = sourcecode.swift; path = LoginViewController.swift; sourceTree = "<group>"; };
		F121DF162623075B00B09F21 /* SignUpViewController.swift */ = {isa = PBXFileReference; lastKnownFileType = sourcecode.swift; path = SignUpViewController.swift; sourceTree = "<group>"; };
		F121DF192623083400B09F21 /* MainTabBarController.swift */ = {isa = PBXFileReference; lastKnownFileType = sourcecode.swift; path = MainTabBarController.swift; sourceTree = "<group>"; };
		F121DF1C2623087900B09F21 /* HomeViewController.swift */ = {isa = PBXFileReference; lastKnownFileType = sourcecode.swift; path = HomeViewController.swift; sourceTree = "<group>"; };
		F121DF1F262308AC00B09F21 /* SearchViewController.swift */ = {isa = PBXFileReference; lastKnownFileType = sourcecode.swift; path = SearchViewController.swift; sourceTree = "<group>"; };
		F121DF22262308C500B09F21 /* NewsFeedViewController.swift */ = {isa = PBXFileReference; lastKnownFileType = sourcecode.swift; path = NewsFeedViewController.swift; sourceTree = "<group>"; };
		F121DF25262308DF00B09F21 /* MypageViewController.swift */ = {isa = PBXFileReference; lastKnownFileType = sourcecode.swift; path = MypageViewController.swift; sourceTree = "<group>"; };
		F121DF2A26230BA000B09F21 /* TabBarFactory.swift */ = {isa = PBXFileReference; lastKnownFileType = sourcecode.swift; path = TabBarFactory.swift; sourceTree = "<group>"; };
		F1278FF126595EA10069CFDB /* LaunchViewController.swift */ = {isa = PBXFileReference; lastKnownFileType = sourcecode.swift; path = LaunchViewController.swift; sourceTree = "<group>"; };
		F1278FF526595FA10069CFDB /* LogoLottie.json */ = {isa = PBXFileReference; fileEncoding = 4; lastKnownFileType = text.json; path = LogoLottie.json; sourceTree = "<group>"; };
		F1278FF7265A5DA80069CFDB /* StockType.swift */ = {isa = PBXFileReference; lastKnownFileType = sourcecode.swift; path = StockType.swift; sourceTree = "<group>"; };
		F1278FF9265A68240069CFDB /* HomeDetailPriceView.swift */ = {isa = PBXFileReference; lastKnownFileType = sourcecode.swift; path = HomeDetailPriceView.swift; sourceTree = "<group>"; };
		F1278FFC265ABB860069CFDB /* RandomPickViewController.swift */ = {isa = PBXFileReference; lastKnownFileType = sourcecode.swift; path = RandomPickViewController.swift; sourceTree = "<group>"; };
		F1504BC5263AF3DC007C82F2 /* SlideOpenView.swift */ = {isa = PBXFileReference; lastKnownFileType = sourcecode.swift; path = SlideOpenView.swift; sourceTree = "<group>"; };
		F1504BC7263AF4CF007C82F2 /* RoundShadowView.swift */ = {isa = PBXFileReference; lastKnownFileType = sourcecode.swift; path = RoundShadowView.swift; sourceTree = "<group>"; };
		F1504BC9263B00C2007C82F2 /* GreetingCell.swift */ = {isa = PBXFileReference; lastKnownFileType = sourcecode.swift; path = GreetingCell.swift; sourceTree = "<group>"; };
		F1504BCD263C7DBC007C82F2 /* imgBubbleStart.svg */ = {isa = PBXFileReference; fileEncoding = 4; lastKnownFileType = text; path = imgBubbleStart.svg; sourceTree = "<group>"; };
		F1562900262DC538004FB256 /* HomeGreetingHeaderView.swift */ = {isa = PBXFileReference; lastKnownFileType = sourcecode.swift; path = HomeGreetingHeaderView.swift; sourceTree = "<group>"; };
		F1562903262DC89B004FB256 /* HomeGridCell.swift */ = {isa = PBXFileReference; lastKnownFileType = sourcecode.swift; path = HomeGridCell.swift; sourceTree = "<group>"; };
		F1734755261855C5009EC5D6 /* Digin.app */ = {isa = PBXFileReference; explicitFileType = wrapper.application; includeInIndex = 0; path = Digin.app; sourceTree = BUILT_PRODUCTS_DIR; };
		F1734758261855C5009EC5D6 /* AppDelegate.swift */ = {isa = PBXFileReference; lastKnownFileType = sourcecode.swift; path = AppDelegate.swift; sourceTree = "<group>"; };
		F173475A261855C5009EC5D6 /* SceneDelegate.swift */ = {isa = PBXFileReference; lastKnownFileType = sourcecode.swift; path = SceneDelegate.swift; sourceTree = "<group>"; };
		F173475F261855C5009EC5D6 /* Base */ = {isa = PBXFileReference; lastKnownFileType = file.storyboard; name = Base; path = Base.lproj/Main.storyboard; sourceTree = "<group>"; };
		F1734761261855CA009EC5D6 /* Assets.xcassets */ = {isa = PBXFileReference; lastKnownFileType = folder.assetcatalog; path = Assets.xcassets; sourceTree = "<group>"; };
		F1734764261855CA009EC5D6 /* Base */ = {isa = PBXFileReference; lastKnownFileType = file.storyboard; name = Base; path = Base.lproj/LaunchScreen.storyboard; sourceTree = "<group>"; };
		F1734766261855CA009EC5D6 /* Info.plist */ = {isa = PBXFileReference; lastKnownFileType = text.plist.xml; path = Info.plist; sourceTree = "<group>"; };
		F177F9FE26D13700004D7EE4 /* HomeDetailRepository.swift */ = {isa = PBXFileReference; lastKnownFileType = sourcecode.swift; path = HomeDetailRepository.swift; sourceTree = "<group>"; };
		F177FA0026D140C3004D7EE4 /* HomeDetail.swift */ = {isa = PBXFileReference; lastKnownFileType = sourcecode.swift; path = HomeDetail.swift; sourceTree = "<group>"; };
		F1A8DF572635925700937B31 /* Company.swift */ = {isa = PBXFileReference; lastKnownFileType = sourcecode.swift; path = Company.swift; sourceTree = "<group>"; };
		F1A8DF5C2635963700937B31 /* HomeRepository.swift */ = {isa = PBXFileReference; lastKnownFileType = sourcecode.swift; path = HomeRepository.swift; sourceTree = "<group>"; };
		F1A8DF5F2635C8D900937B31 /* HomeViewModel.swift */ = {isa = PBXFileReference; lastKnownFileType = sourcecode.swift; path = HomeViewModel.swift; sourceTree = "<group>"; };
		F1A8DF642635D3B200937B31 /* HomeDummy.json */ = {isa = PBXFileReference; fileEncoding = 4; lastKnownFileType = text.json; path = HomeDummy.json; sourceTree = "<group>"; };
		F1A8DF702637179700937B31 /* HomeHorizontalGridCell.swift */ = {isa = PBXFileReference; lastKnownFileType = sourcecode.swift; path = HomeHorizontalGridCell.swift; sourceTree = "<group>"; };
		F1B67191270DAF2200BE19D0 /* HomeGridConsensusView.swift */ = {isa = PBXFileReference; lastKnownFileType = sourcecode.swift; path = HomeGridConsensusView.swift; sourceTree = "<group>"; };
		F1C6B400264EA277001E8510 /* Combine_extension.swift */ = {isa = PBXFileReference; lastKnownFileType = sourcecode.swift; path = Combine_extension.swift; sourceTree = "<group>"; };
		F1C6B402264EA314001E8510 /* SignInputFieldView.swift */ = {isa = PBXFileReference; lastKnownFileType = sourcecode.swift; path = SignInputFieldView.swift; sourceTree = "<group>"; };
		F1C6B404264EBB21001E8510 /* LoginViewModel.swift */ = {isa = PBXFileReference; lastKnownFileType = sourcecode.swift; path = LoginViewModel.swift; sourceTree = "<group>"; };
		F1C6B406264EC546001E8510 /* SignupFlowViewController.swift */ = {isa = PBXFileReference; lastKnownFileType = sourcecode.swift; path = SignupFlowViewController.swift; sourceTree = "<group>"; };
		F1C6B408264EC6D7001E8510 /* SignupEmailViewController.swift */ = {isa = PBXFileReference; lastKnownFileType = sourcecode.swift; path = SignupEmailViewController.swift; sourceTree = "<group>"; };
		F1C6B40A264FC617001E8510 /* SignupNicknameViewController.swift */ = {isa = PBXFileReference; lastKnownFileType = sourcecode.swift; path = SignupNicknameViewController.swift; sourceTree = "<group>"; };
		F1C6B40C264FCF51001E8510 /* SignupPasswordViewController.swift */ = {isa = PBXFileReference; lastKnownFileType = sourcecode.swift; path = SignupPasswordViewController.swift; sourceTree = "<group>"; };
		F1C6B40E264FD411001E8510 /* SignupRepasswordViewController.swift */ = {isa = PBXFileReference; lastKnownFileType = sourcecode.swift; path = SignupRepasswordViewController.swift; sourceTree = "<group>"; };
		F1C6B410264FD6CD001E8510 /* SignupInterestingViewController.swift */ = {isa = PBXFileReference; lastKnownFileType = sourcecode.swift; path = SignupInterestingViewController.swift; sourceTree = "<group>"; };
		F1C6B412264FDD46001E8510 /* SingupInterestingCell.swift */ = {isa = PBXFileReference; lastKnownFileType = sourcecode.swift; path = SingupInterestingCell.swift; sourceTree = "<group>"; };
		F1C6B4142651376C001E8510 /* SingupNicknameViewModel.swift */ = {isa = PBXFileReference; lastKnownFileType = sourcecode.swift; path = SingupNicknameViewModel.swift; sourceTree = "<group>"; };
		F1C6B41626515C95001E8510 /* SignupEmailViewModel.swift */ = {isa = PBXFileReference; lastKnownFileType = sourcecode.swift; path = SignupEmailViewModel.swift; sourceTree = "<group>"; };
		F1C6B418265160FC001E8510 /* SignupPasswordViewModel.swift */ = {isa = PBXFileReference; lastKnownFileType = sourcecode.swift; path = SignupPasswordViewModel.swift; sourceTree = "<group>"; };
		F1C6B41A26516BD1001E8510 /* SignupRePasswordViewModel.swift */ = {isa = PBXFileReference; lastKnownFileType = sourcecode.swift; path = SignupRePasswordViewModel.swift; sourceTree = "<group>"; };
		F1C6B41C2652997E001E8510 /* CombineNetworkModule.swift */ = {isa = PBXFileReference; lastKnownFileType = sourcecode.swift; path = CombineNetworkModule.swift; sourceTree = "<group>"; };
		F1C6B41E2652BCEB001E8510 /* SignupInterestingViewModel.swift */ = {isa = PBXFileReference; lastKnownFileType = sourcecode.swift; path = SignupInterestingViewModel.swift; sourceTree = "<group>"; };
		F1C6B4202652CC81001E8510 /* TermsAndConditionsViewController.swift */ = {isa = PBXFileReference; lastKnownFileType = sourcecode.swift; path = TermsAndConditionsViewController.swift; sourceTree = "<group>"; };
		F1C6B4222654435A001E8510 /* SearchPasswordViewController.swift */ = {isa = PBXFileReference; lastKnownFileType = sourcecode.swift; path = SearchPasswordViewController.swift; sourceTree = "<group>"; };
		F1C6B424265444C3001E8510 /* SearchPasswordViewModel.swift */ = {isa = PBXFileReference; lastKnownFileType = sourcecode.swift; path = SearchPasswordViewModel.swift; sourceTree = "<group>"; };
		F1C6B4282655652F001E8510 /* ServiceInfoConditionViewController.swift */ = {isa = PBXFileReference; lastKnownFileType = sourcecode.swift; path = ServiceInfoConditionViewController.swift; sourceTree = "<group>"; };
		F1CC8E9626BE732D00352835 /* Date._extension.swift */ = {isa = PBXFileReference; lastKnownFileType = sourcecode.swift; path = Date._extension.swift; sourceTree = "<group>"; };
		F1D3470B263EBD4B00E63483 /* InterestedCompanyCell.swift */ = {isa = PBXFileReference; lastKnownFileType = sourcecode.swift; path = InterestedCompanyCell.swift; sourceTree = "<group>"; };
		F1D3470E264045C800E63483 /* UITableView_extension.swift */ = {isa = PBXFileReference; lastKnownFileType = sourcecode.swift; path = UITableView_extension.swift; sourceTree = "<group>"; };
		F1D34712264046A700E63483 /* HomeNewsCell.swift */ = {isa = PBXFileReference; lastKnownFileType = sourcecode.swift; path = HomeNewsCell.swift; sourceTree = "<group>"; };
		F1D34714264046E700E63483 /* PaddingLabel.swift */ = {isa = PBXFileReference; lastKnownFileType = sourcecode.swift; path = PaddingLabel.swift; sourceTree = "<group>"; };
		F1D347172640481A00E63483 /* HomeGridCellPriceView.swift */ = {isa = PBXFileReference; lastKnownFileType = sourcecode.swift; path = HomeGridCellPriceView.swift; sourceTree = "<group>"; };
		F1D347192640485C00E63483 /* HomeGridCellNewsView.swift */ = {isa = PBXFileReference; lastKnownFileType = sourcecode.swift; path = HomeGridCellNewsView.swift; sourceTree = "<group>"; };
		F1D3471B264048DC00E63483 /* GradientView.swift */ = {isa = PBXFileReference; lastKnownFileType = sourcecode.swift; path = GradientView.swift; sourceTree = "<group>"; };
		F1D3471D26404BB600E63483 /* Cocogoose-Pro-Semilight-trial.ttf */ = {isa = PBXFileReference; lastKnownFileType = file; path = "Cocogoose-Pro-Semilight-trial.ttf"; sourceTree = "<group>"; };
		F1D3471F26404C3900E63483 /* UIFont_extension.swift */ = {isa = PBXFileReference; lastKnownFileType = sourcecode.swift; path = UIFont_extension.swift; sourceTree = "<group>"; };
		F1D7AA03267A294700696EA9 /* HomeTitleHeaderView.swift */ = {isa = PBXFileReference; lastKnownFileType = sourcecode.swift; path = HomeTitleHeaderView.swift; sourceTree = "<group>"; };
		F1DC2961265C1A0300B51749 /* RandomAlertViewController.swift */ = {isa = PBXFileReference; lastKnownFileType = sourcecode.swift; path = RandomAlertViewController.swift; sourceTree = "<group>"; };
		F1DC29652660159800B51749 /* TermsAndConditions.json */ = {isa = PBXFileReference; lastKnownFileType = text.json; path = TermsAndConditions.json; sourceTree = "<group>"; };
		F1F1D12E2641631300FE8C15 /* HomeDetailViewController.swift */ = {isa = PBXFileReference; lastKnownFileType = sourcecode.swift; path = HomeDetailViewController.swift; sourceTree = "<group>"; };
		F1F1D1302641661A00FE8C15 /* HomeDetailHeaderView.swift */ = {isa = PBXFileReference; lastKnownFileType = sourcecode.swift; path = HomeDetailHeaderView.swift; sourceTree = "<group>"; };
		F1F1D1322641944F00FE8C15 /* HomeDetailLineChartCell.swift */ = {isa = PBXFileReference; lastKnownFileType = sourcecode.swift; path = HomeDetailLineChartCell.swift; sourceTree = "<group>"; };
		F1F1D14A26455F7E00FE8C15 /* HomeDetailNewsCell.swift */ = {isa = PBXFileReference; lastKnownFileType = sourcecode.swift; path = HomeDetailNewsCell.swift; sourceTree = "<group>"; };
		F1F1D14C26455FC400FE8C15 /* HomeDetailNewsListCell.swift */ = {isa = PBXFileReference; lastKnownFileType = sourcecode.swift; path = HomeDetailNewsListCell.swift; sourceTree = "<group>"; };
		F1F1D14E264563D400FE8C15 /* Colors.xcassets */ = {isa = PBXFileReference; lastKnownFileType = folder.assetcatalog; path = Colors.xcassets; sourceTree = "<group>"; };
		F1F1D1502645701700FE8C15 /* HomeDetailBarChartCell.swift */ = {isa = PBXFileReference; lastKnownFileType = sourcecode.swift; path = HomeDetailBarChartCell.swift; sourceTree = "<group>"; };
		F1F1D1542649690400FE8C15 /* HomeDetailRelativeCell.swift */ = {isa = PBXFileReference; lastKnownFileType = sourcecode.swift; path = HomeDetailRelativeCell.swift; sourceTree = "<group>"; };
		F1F1D157264BF91300FE8C15 /* AppColor.swift */ = {isa = PBXFileReference; fileEncoding = 4; lastKnownFileType = sourcecode.swift; path = AppColor.swift; sourceTree = "<group>"; };
		F1F5A0EC26A7255A00E63980 /* MyFavoriteCompanyInHomeCell.swift */ = {isa = PBXFileReference; lastKnownFileType = sourcecode.swift; path = MyFavoriteCompanyInHomeCell.swift; sourceTree = "<group>"; };
		F1F9C7C327184D01006919C5 /* HomeGridEmptyView.swift */ = {isa = PBXFileReference; lastKnownFileType = sourcecode.swift; path = HomeGridEmptyView.swift; sourceTree = "<group>"; };
		F1FA909F267DE403006A14ED /* MyFavoriteViewController.swift */ = {isa = PBXFileReference; lastKnownFileType = sourcecode.swift; path = MyFavoriteViewController.swift; sourceTree = "<group>"; };
		F1FA90A1267DFCD3006A14ED /* MyFavoriteDetailCell.swift */ = {isa = PBXFileReference; lastKnownFileType = sourcecode.swift; path = MyFavoriteDetailCell.swift; sourceTree = "<group>"; };
		F1FA90A3267E115E006A14ED /* MyFavoriteCompanyCell.swift */ = {isa = PBXFileReference; lastKnownFileType = sourcecode.swift; path = MyFavoriteCompanyCell.swift; sourceTree = "<group>"; };
		F1FA90A526820FE6006A14ED /* MyFavoriteHeaderView.swift */ = {isa = PBXFileReference; lastKnownFileType = sourcecode.swift; path = MyFavoriteHeaderView.swift; sourceTree = "<group>"; };
		F1FA90A726821A9D006A14ED /* MyFavoriteDetailHeaderView.swift */ = {isa = PBXFileReference; lastKnownFileType = sourcecode.swift; path = MyFavoriteDetailHeaderView.swift; sourceTree = "<group>"; };
/* End PBXFileReference section */

/* Begin PBXFrameworksBuildPhase section */
		F1734752261855C5009EC5D6 /* Frameworks */ = {
			isa = PBXFrameworksBuildPhase;
			buildActionMask = 2147483647;
			files = (
				22BCFE27265FE5CE006741A3 /* Kingfisher in Frameworks */,
				F1278FF026595BD30069CFDB /* Lottie in Frameworks */,
			);
			runOnlyForDeploymentPostprocessing = 0;
		};
/* End PBXFrameworksBuildPhase section */

/* Begin PBXGroup section */
		222BC6C62654E5F9008C1CF2 /* Model */ = {
			isa = PBXGroup;
			children = (
				222BC6C72654E681008C1CF2 /* Search.swift */,
				227874B72656A5D1004F97D0 /* CompanyResult.swift */,
				227874B92656A851004F97D0 /* CategoryData.json */,
			);
			path = Model;
			sourceTree = "<group>";
		};
		222BC6D4265516AD008C1CF2 /* CoreData */ = {
			isa = PBXGroup;
			children = (
				222BC6D12655169F008C1CF2 /* CompanyModel.xcdatamodeld */,
				222BC6FC26552112008C1CF2 /* PersistenceManager.swift */,
			);
			path = CoreData;
			sourceTree = "<group>";
		};
		22BCFE2A265FFFC4006741A3 /* Model */ = {
			isa = PBXGroup;
			children = (
				22BCFE2B265FFFD9006741A3 /* Account.swift */,
			);
			path = Model;
			sourceTree = "<group>";
		};
		22CCD8B5264BE1C9005B6368 /* Model */ = {
			isa = PBXGroup;
			children = (
				22CCD8B6264BE1E8005B6368 /* NewsFeed.swift */,
				22CCD8C1264D253C005B6368 /* FavoriteCompany.swift */,
			);
			path = Model;
			sourceTree = "<group>";
		};
		F121DEDE26185CE200B09F21 /* Main */ = {
			isa = PBXGroup;
			children = (
				F173475E261855C5009EC5D6 /* Main.storyboard */,
				F121DEDB26185C3000B09F21 /* MainViewController.swift */,
				F121DF352623381C00B09F21 /* MyPage */,
				F121DF342623381200B09F21 /* Home */,
				F121DF312623374000B09F21 /* Tab */,
				F121DF322623376A00B09F21 /* Search */,
				F121DF332623377600B09F21 /* NewsFeed */,
			);
			path = Main;
			sourceTree = "<group>";
		};
		F121DEE3261B396300B09F21 /* Application */ = {
			isa = PBXGroup;
			children = (
				F1734758261855C5009EC5D6 /* AppDelegate.swift */,
				F173475A261855C5009EC5D6 /* SceneDelegate.swift */,
			);
			path = Application;
			sourceTree = "<group>";
		};
		F121DEE5261B3BE600B09F21 /* Resources */ = {
			isa = PBXGroup;
			children = (
				F1734761261855CA009EC5D6 /* Assets.xcassets */,
				F1F1D14E264563D400FE8C15 /* Colors.xcassets */,
				F1F1D157264BF91300FE8C15 /* AppColor.swift */,
				F1D3471D26404BB600E63483 /* Cocogoose-Pro-Semilight-trial.ttf */,
				22BCFE23265FDEC2006741A3 /* Cocogoose_trial.otf */,
				F1504BCD263C7DBC007C82F2 /* imgBubbleStart.svg */,
				F1734763261855CA009EC5D6 /* LaunchScreen.storyboard */,
				F1278FF126595EA10069CFDB /* LaunchViewController.swift */,
				F1278FF526595FA10069CFDB /* LogoLottie.json */,
				F1734766261855CA009EC5D6 /* Info.plist */,
			);
			path = Resources;
			sourceTree = "<group>";
		};
		F121DEE6261B3BF900B09F21 /* Common */ = {
			isa = PBXGroup;
			children = (
				F1D347112640463D00E63483 /* CustomView */,
				F121DEE8261B3C7300B09F21 /* Extension */,
				F121DEE7261B3C0800B09F21 /* Network */,
				F1D34714264046E700E63483 /* PaddingLabel.swift */,
				F1278FF7265A5DA80069CFDB /* StockType.swift */,
			);
			path = Common;
			sourceTree = "<group>";
		};
		F121DEE7261B3C0800B09F21 /* Network */ = {
			isa = PBXGroup;
			children = (
				F121DEF0261B3CD100B09F21 /* NetworkModule.swift */,
				F1C6B41C2652997E001E8510 /* CombineNetworkModule.swift */,
			);
			path = Network;
			sourceTree = "<group>";
		};
		F121DEE8261B3C7300B09F21 /* Extension */ = {
			isa = PBXGroup;
			children = (
				22923828261B45CA00B50884 /* NSObject_extension.swift */,
				F121DEED261B3C9B00B09F21 /* UIColor_extension.swift */,
				2292381D261B431700B50884 /* UIView_extension.swift */,
				2292382B261B461300B50884 /* UIAlertController_extension.swift */,
				22923833261B471C00B50884 /* UIViewController_extension.swift */,
				F1D3470E264045C800E63483 /* UITableView_extension.swift */,
				F1D3471F26404C3900E63483 /* UIFont_extension.swift */,
				F1C6B400264EA277001E8510 /* Combine_extension.swift */,
				222BC6CF26550AE0008C1CF2 /* String_extension.swift */,
				F1CC8E9626BE732D00352835 /* Date._extension.swift */,
			);
			path = Extension;
			sourceTree = "<group>";
		};
		F121DF312623374000B09F21 /* Tab */ = {
			isa = PBXGroup;
			children = (
				F121DF2A26230BA000B09F21 /* TabBarFactory.swift */,
				F121DF192623083400B09F21 /* MainTabBarController.swift */,
			);
			path = Tab;
			sourceTree = "<group>";
		};
		F121DF322623376A00B09F21 /* Search */ = {
			isa = PBXGroup;
			children = (
				222BC6C92654E8A3008C1CF2 /* SearchService.swift */,
				227874BB2656AB8F004F97D0 /* CategoryService.swift */,
				222BC6D4265516AD008C1CF2 /* CoreData */,
				222BC6C62654E5F9008C1CF2 /* Model */,
				229B6FA5264017B900D28B52 /* Search.storyboard */,
				F121DF1F262308AC00B09F21 /* SearchViewController.swift */,
				229B6FA92640276400D28B52 /* CategoryHeaderTableViewCell.swift */,
				229B6FAF264027B700D28B52 /* CategoryTableViewCell.swift */,
				22EEBC612647FBD1009FF3FA /* CategoryCollectionViewCell.swift */,
				229B6FB2264027C500D28B52 /* CompanyTableViewCell.swift */,
				229B6FB5264027D200D28B52 /* SearchHeaderTableViewCell.swift */,
				229B6FB8264027DA00D28B52 /* SearchTableViewCell.swift */,
				22EEBC6526481E84009FF3FA /* CompanyNewsTableViewCell.swift */,
				22EEBC6B264831AA009FF3FA /* CategoryDetailsViewController.swift */,
				22A05BAA264863B200AEA69D /* DetailsHeaderTableViewCell.swift */,
				22A05BAD2648648B00AEA69D /* DetailsCompanyTableViewCell.swift */,
				22A05BB1264864A700AEA69D /* DetailsNewsTableViewCell.swift */,
				22A05BB4264864B900AEA69D /* DetailsCategoryTableViewCell.swift */,
				22A05BB7264865F800AEA69D /* DetailsCategoryCollectionViewCell.swift */,
				222BC6C42654DE58008C1CF2 /* SearchNewsfeedViewController.swift */,
				222BC6C02654DC90008C1CF2 /* SearchNewsfeedTableViewCell.swift */,
				222BC6C12654DC90008C1CF2 /* SearchNewsfeedTableViewCell.xib */,
				222BC6CB2654FF3D008C1CF2 /* NoneResultTableViewCell.swift */,
				222BC6CC2654FF3D008C1CF2 /* NoneResultTableViewCell.xib */,
			);
			path = Search;
			sourceTree = "<group>";
		};
		F121DF332623377600B09F21 /* NewsFeed */ = {
			isa = PBXGroup;
			children = (
				22CCD8BC264BE52B005B6368 /* APIService.swift */,
				22CCD8B9264BE4EC005B6368 /* NewsFeedService.swift */,
				22CCD8B5264BE1C9005B6368 /* Model */,
				22618933262F07E900A9B77B /* NewsFeed.storyboard */,
				2224BA852639368100E620C4 /* CustomSegmentedControl.swift */,
				2224BA882639378400E620C4 /* NewsContainerViewController.swift */,
				2224BA90263943B900E620C4 /* FeedPageViewController.swift */,
				F121DF22262308C500B09F21 /* NewsFeedViewController.swift */,
				2261893D262F0A1400A9B77B /* MenuCollectionViewCell.swift */,
				22618937262F09EA00A9B77B /* FeedTableViewCell1.swift */,
				2224BA962639694D00E620C4 /* FeedTableViewCell2.swift */,
				2224BA9A26396C1B00E620C4 /* FeedTableViewCell3.swift */,
				2224BA9D26396D2500E620C4 /* FeedTableViewCell4.swift */,
				22618941262F0DE100A9B77B /* NewsDetailsViewController.swift */,
				22CCD8C4264D6353005B6368 /* LoadingTableViewCell.swift */,
				22CCD8C5264D6353005B6368 /* LoadingTableViewCell.xib */,
			);
			path = NewsFeed;
			sourceTree = "<group>";
		};
		F121DF342623381200B09F21 /* Home */ = {
			isa = PBXGroup;
			children = (
				F1D3470D2640456800E63483 /* ViewController */,
				F1A8DF5B2635961600937B31 /* View */,
				F1A8DF5A2635960700937B31 /* Model */,
				F1D34716264047A000E63483 /* ViewModel */,
			);
			path = Home;
			sourceTree = "<group>";
		};
		F121DF352623381C00B09F21 /* MyPage */ = {
			isa = PBXGroup;
			children = (
				22BCFE28265FFFB2006741A3 /* MyPageService.swift */,
				22BCFE2A265FFFC4006741A3 /* Model */,
				22BCFE13265FA137006741A3 /* MyPage.storyboard */,
				F121DF25262308DF00B09F21 /* MypageViewController.swift */,
				22BCFE1F265FC320006741A3 /* EditMyDataViewController.swift */,
				2224224A266265A2001C4933 /* MyPagePopupViewController.swift */,
				22BCFE19265FB587006741A3 /* NoticeViewController.swift */,
				22BCFE15265FAAD4006741A3 /* MyPageMainTableViewCell.swift */,
				22BCFE16265FAAD4006741A3 /* MyPageMainTableViewCell.xib */,
				22BCFE1B265FB6E1006741A3 /* NoticeTableViewCell.swift */,
				22BCFE1C265FB6E1006741A3 /* NoticeTableViewCell.xib */,
				22BCFE2F2660BF00006741A3 /* NoticeDetailsViewController.swift */,
				22BCFE312660BF15006741A3 /* NoticeDetailsTableViewCell.swift */,
				F1FA909F267DE403006A14ED /* MyFavoriteViewController.swift */,
				F1FA90A1267DFCD3006A14ED /* MyFavoriteDetailCell.swift */,
				F11D81772684637D008B28F1 /* MyFavoriteEditDetailCell.swift */,
				F1FA90A3267E115E006A14ED /* MyFavoriteCompanyCell.swift */,
				F1F5A0EC26A7255A00E63980 /* MyFavoriteCompanyInHomeCell.swift */,
				F1FA90A526820FE6006A14ED /* MyFavoriteHeaderView.swift */,
				F1FA90A726821A9D006A14ED /* MyFavoriteDetailHeaderView.swift */,
			);
			path = MyPage;
			sourceTree = "<group>";
		};
		F121DF362623382F00B09F21 /* Login */ = {
			isa = PBXGroup;
			children = (
				F121DF122623049600B09F21 /* LoginViewController.swift */,
				F1C6B404264EBB21001E8510 /* LoginViewModel.swift */,
				F1C6B406264EC546001E8510 /* SignupFlowViewController.swift */,
				F1C6B408264EC6D7001E8510 /* SignupEmailViewController.swift */,
				F1C6B40A264FC617001E8510 /* SignupNicknameViewController.swift */,
				F1C6B40C264FCF51001E8510 /* SignupPasswordViewController.swift */,
				F1C6B40E264FD411001E8510 /* SignupRepasswordViewController.swift */,
				F1C6B410264FD6CD001E8510 /* SignupInterestingViewController.swift */,
				F1C6B41E2652BCEB001E8510 /* SignupInterestingViewModel.swift */,
				F1C6B4142651376C001E8510 /* SingupNicknameViewModel.swift */,
				F1C6B41626515C95001E8510 /* SignupEmailViewModel.swift */,
				F1C6B418265160FC001E8510 /* SignupPasswordViewModel.swift */,
				F1C6B41A26516BD1001E8510 /* SignupRePasswordViewModel.swift */,
				F1C6B412264FDD46001E8510 /* SingupInterestingCell.swift */,
				F121DF162623075B00B09F21 /* SignUpViewController.swift */,
				F1C6B4202652CC81001E8510 /* TermsAndConditionsViewController.swift */,
				F1C6B4282655652F001E8510 /* ServiceInfoConditionViewController.swift */,
				F1C6B4222654435A001E8510 /* SearchPasswordViewController.swift */,
				F1C6B424265444C3001E8510 /* SearchPasswordViewModel.swift */,
				F1DC29652660159800B51749 /* TermsAndConditions.json */,
			);
			path = Login;
			sourceTree = "<group>";
		};
		F1278FFB265ABB700069CFDB /* RandomPick */ = {
			isa = PBXGroup;
			children = (
				F1278FFC265ABB860069CFDB /* RandomPickViewController.swift */,
				F1DC2961265C1A0300B51749 /* RandomAlertViewController.swift */,
			);
			path = RandomPick;
			sourceTree = "<group>";
		};
		F173474C261855C5009EC5D6 = {
			isa = PBXGroup;
			children = (
				F121DED426185A6C00B09F21 /* .swiftlint.yml */,
				F1734757261855C5009EC5D6 /* Digin */,
				F1734756261855C5009EC5D6 /* Products */,
			);
			sourceTree = "<group>";
		};
		F1734756261855C5009EC5D6 /* Products */ = {
			isa = PBXGroup;
			children = (
				F1734755261855C5009EC5D6 /* Digin.app */,
			);
			name = Products;
			sourceTree = "<group>";
		};
		F1734757261855C5009EC5D6 /* Digin */ = {
			isa = PBXGroup;
			children = (
				F1278FFB265ABB700069CFDB /* RandomPick */,
				F121DF362623382F00B09F21 /* Login */,
				F121DEE6261B3BF900B09F21 /* Common */,
				F121DEE3261B396300B09F21 /* Application */,
				F121DEDE26185CE200B09F21 /* Main */,
				F121DEE5261B3BE600B09F21 /* Resources */,
			);
			path = Digin;
			sourceTree = "<group>";
		};
		F1A8DF5A2635960700937B31 /* Model */ = {
			isa = PBXGroup;
			children = (
				F1A8DF5C2635963700937B31 /* HomeRepository.swift */,
				F177F9FE26D13700004D7EE4 /* HomeDetailRepository.swift */,
				F1A8DF572635925700937B31 /* Company.swift */,
				F177FA0026D140C3004D7EE4 /* HomeDetail.swift */,
				F1A8DF642635D3B200937B31 /* HomeDummy.json */,
			);
			path = Model;
			sourceTree = "<group>";
		};
		F1A8DF5B2635961600937B31 /* View */ = {
			isa = PBXGroup;
			children = (
				F1D347102640461C00E63483 /* Header */,
				F1A8DF702637179700937B31 /* HomeHorizontalGridCell.swift */,
				F1B67193270DB15300BE19D0 /* Home */,
				F1D347172640481A00E63483 /* HomeGridCellPriceView.swift */,
				F1D347192640485C00E63483 /* HomeGridCellNewsView.swift */,
				F1D3470B263EBD4B00E63483 /* InterestedCompanyCell.swift */,
				F1F1D1302641661A00FE8C15 /* HomeDetailHeaderView.swift */,
				F1F1D1322641944F00FE8C15 /* HomeDetailLineChartCell.swift */,
				F1F1D14A26455F7E00FE8C15 /* HomeDetailNewsCell.swift */,
				F1F1D14C26455FC400FE8C15 /* HomeDetailNewsListCell.swift */,
				F1F1D1502645701700FE8C15 /* HomeDetailBarChartCell.swift */,
				F1F1D1542649690400FE8C15 /* HomeDetailRelativeCell.swift */,
				F1278FF9265A68240069CFDB /* HomeDetailPriceView.swift */,
			);
			path = View;
			sourceTree = "<group>";
		};
		F1B67193270DB15300BE19D0 /* Home */ = {
			isa = PBXGroup;
			children = (
				F1562903262DC89B004FB256 /* HomeGridCell.swift */,
				F1B67191270DAF2200BE19D0 /* HomeGridConsensusView.swift */,
				F1D34712264046A700E63483 /* HomeNewsCell.swift */,
				F1F9C7C327184D01006919C5 /* HomeGridEmptyView.swift */,
			);
			path = Home;
			sourceTree = "<group>";
		};
		F1D3470D2640456800E63483 /* ViewController */ = {
			isa = PBXGroup;
			children = (
				F121DF1C2623087900B09F21 /* HomeViewController.swift */,
				F1F1D12E2641631300FE8C15 /* HomeDetailViewController.swift */,
			);
			path = ViewController;
			sourceTree = "<group>";
		};
		F1D347102640461C00E63483 /* Header */ = {
			isa = PBXGroup;
			children = (
				F1562900262DC538004FB256 /* HomeGreetingHeaderView.swift */,
				F1D7AA03267A294700696EA9 /* HomeTitleHeaderView.swift */,
				F1504BC9263B00C2007C82F2 /* GreetingCell.swift */,
				F1504BC5263AF3DC007C82F2 /* SlideOpenView.swift */,
			);
			path = Header;
			sourceTree = "<group>";
		};
		F1D347112640463D00E63483 /* CustomView */ = {
			isa = PBXGroup;
			children = (
				F1504BC7263AF4CF007C82F2 /* RoundShadowView.swift */,
				F1D3471B264048DC00E63483 /* GradientView.swift */,
				F1C6B402264EA314001E8510 /* SignInputFieldView.swift */,
			);
			path = CustomView;
			sourceTree = "<group>";
		};
		F1D34716264047A000E63483 /* ViewModel */ = {
			isa = PBXGroup;
			children = (
				F1A8DF5F2635C8D900937B31 /* HomeViewModel.swift */,
			);
			path = ViewModel;
			sourceTree = "<group>";
		};
/* End PBXGroup section */

/* Begin PBXNativeTarget section */
		F1734754261855C5009EC5D6 /* Digin */ = {
			isa = PBXNativeTarget;
			buildConfigurationList = F1734769261855CA009EC5D6 /* Build configuration list for PBXNativeTarget "Digin" */;
			buildPhases = (
				F1734751261855C5009EC5D6 /* Sources */,
				F1734752261855C5009EC5D6 /* Frameworks */,
				F1734753261855C5009EC5D6 /* Resources */,
				F121DED22618599A00B09F21 /* ShellScript */,
				F1F1D156264BF85A00FE8C15 /* SwiftGen */,
			);
			buildRules = (
			);
			dependencies = (
			);
			name = Digin;
			packageProductDependencies = (
				F1278FEF26595BD30069CFDB /* Lottie */,
				22BCFE26265FE5CE006741A3 /* Kingfisher */,
			);
			productName = Digin;
			productReference = F1734755261855C5009EC5D6 /* Digin.app */;
			productType = "com.apple.product-type.application";
		};
/* End PBXNativeTarget section */

/* Begin PBXProject section */
		F173474D261855C5009EC5D6 /* Project object */ = {
			isa = PBXProject;
			attributes = {
				LastSwiftUpdateCheck = 1240;
				LastUpgradeCheck = 1240;
				TargetAttributes = {
					F1734754261855C5009EC5D6 = {
						CreatedOnToolsVersion = 12.4;
					};
				};
			};
			buildConfigurationList = F1734750261855C5009EC5D6 /* Build configuration list for PBXProject "Digin" */;
			compatibilityVersion = "Xcode 9.3";
			developmentRegion = en;
			hasScannedForEncodings = 0;
			knownRegions = (
				en,
				Base,
			);
			mainGroup = F173474C261855C5009EC5D6;
			packageReferences = (
				F1278FEE26595BD30069CFDB /* XCRemoteSwiftPackageReference "lottie-ios" */,
				22BCFE25265FE5CE006741A3 /* XCRemoteSwiftPackageReference "Kingfisher" */,
			);
			productRefGroup = F1734756261855C5009EC5D6 /* Products */;
			projectDirPath = "";
			projectRoot = "";
			targets = (
				F1734754261855C5009EC5D6 /* Digin */,
			);
		};
/* End PBXProject section */

/* Begin PBXResourcesBuildPhase section */
		F1734753261855C5009EC5D6 /* Resources */ = {
			isa = PBXResourcesBuildPhase;
			buildActionMask = 2147483647;
			files = (
				22CCD8C7264D6353005B6368 /* LoadingTableViewCell.xib in Resources */,
				F1D3471E26404BC700E63483 /* Cocogoose-Pro-Semilight-trial.ttf in Resources */,
				F1278FF626595FA10069CFDB /* LogoLottie.json in Resources */,
				F121DED526185A6C00B09F21 /* .swiftlint.yml in Resources */,
				22618934262F07E900A9B77B /* NewsFeed.storyboard in Resources */,
				22BCFE1E265FB6E1006741A3 /* NoticeTableViewCell.xib in Resources */,
				F1734765261855CA009EC5D6 /* LaunchScreen.storyboard in Resources */,
				F1504BCE263C7DBC007C82F2 /* imgBubbleStart.svg in Resources */,
				F1DC29662660159900B51749 /* TermsAndConditions.json in Resources */,
				F1F1D14F264563D400FE8C15 /* Colors.xcassets in Resources */,
				222BC6CE2654FF3D008C1CF2 /* NoneResultTableViewCell.xib in Resources */,
				F1734762261855CA009EC5D6 /* Assets.xcassets in Resources */,
				22BCFE24265FDFC6006741A3 /* Cocogoose_trial.otf in Resources */,
				229B6FA6264017B900D28B52 /* Search.storyboard in Resources */,
				22BCFE14265FA137006741A3 /* MyPage.storyboard in Resources */,
				22BCFE18265FAAD4006741A3 /* MyPageMainTableViewCell.xib in Resources */,
				F1734760261855C5009EC5D6 /* Main.storyboard in Resources */,
				222BC6C32654DC90008C1CF2 /* SearchNewsfeedTableViewCell.xib in Resources */,
				F1A8DF652635D3B200937B31 /* HomeDummy.json in Resources */,
				227874BA2656A851004F97D0 /* CategoryData.json in Resources */,
			);
			runOnlyForDeploymentPostprocessing = 0;
		};
/* End PBXResourcesBuildPhase section */

/* Begin PBXShellScriptBuildPhase section */
		F121DED22618599A00B09F21 /* ShellScript */ = {
			isa = PBXShellScriptBuildPhase;
			buildActionMask = 2147483647;
			files = (
			);
			inputFileListPaths = (
			);
			inputPaths = (
			);
			outputFileListPaths = (
			);
			outputPaths = (
			);
			runOnlyForDeploymentPostprocessing = 0;
			shellPath = /bin/sh;
			shellScript = "if which swiftlint >/dev/null; then\n  swiftlint autocorrect && swiftlint\nelse\n  echo \"warning: SwiftLint not installed, download from https://github.com/realm/SwiftLint\"\nfi\n";
		};
		F1F1D156264BF85A00FE8C15 /* SwiftGen */ = {
			isa = PBXShellScriptBuildPhase;
			buildActionMask = 2147483647;
			files = (
			);
			inputFileListPaths = (
			);
			inputPaths = (
			);
			name = SwiftGen;
			outputFileListPaths = (
			);
			outputPaths = (
			);
			runOnlyForDeploymentPostprocessing = 0;
			shellPath = /bin/sh;
			shellScript = "# Type a script or drag a script file from your workspace to insert its path.\nswiftgen xcassets --param enumName=AppColor ${TARGETNAME}/Resources/Colors.xcassets -t swift4 --output \"${TARGETNAME}/Resources/AppColor.swift\"\n\nif which swiftgen >/dev/null; then\n  swiftgen\nelse\n  echo \"warning: SwiftGen not installed, download it from https://github.com/SwiftGen/SwiftGen\"\nfi\n";
		};
/* End PBXShellScriptBuildPhase section */

/* Begin PBXSourcesBuildPhase section */
		F1734751261855C5009EC5D6 /* Sources */ = {
			isa = PBXSourcesBuildPhase;
			buildActionMask = 2147483647;
			files = (
				F1C6B41B26516BD1001E8510 /* SignupRePasswordViewModel.swift in Sources */,
				22A05BAE2648648B00AEA69D /* DetailsCompanyTableViewCell.swift in Sources */,
				F1DC2962265C1A0300B51749 /* RandomAlertViewController.swift in Sources */,
				222BC6C52654DE58008C1CF2 /* SearchNewsfeedViewController.swift in Sources */,
				F1CC8E9726BE732D00352835 /* Date._extension.swift in Sources */,
				F1FA90A826821A9D006A14ED /* MyFavoriteDetailHeaderView.swift in Sources */,
				F1734759261855C5009EC5D6 /* AppDelegate.swift in Sources */,
				F1F1D14B26455F7E00FE8C15 /* HomeDetailNewsCell.swift in Sources */,
				F1D3471A2640485C00E63483 /* HomeGridCellNewsView.swift in Sources */,
				F1FA90A4267E115E006A14ED /* MyFavoriteCompanyCell.swift in Sources */,
				F173475B261855C5009EC5D6 /* SceneDelegate.swift in Sources */,
				F177F9FF26D13700004D7EE4 /* HomeDetailRepository.swift in Sources */,
				22A05BAB264863B200AEA69D /* DetailsHeaderTableViewCell.swift in Sources */,
				F1C6B409264EC6D7001E8510 /* SignupEmailViewController.swift in Sources */,
				F1278FFD265ABB860069CFDB /* RandomPickViewController.swift in Sources */,
				F1FA90A626820FE7006A14ED /* MyFavoriteHeaderView.swift in Sources */,
				22CCD8C2264D253C005B6368 /* FavoriteCompany.swift in Sources */,
				F1FA90A2267DFCD3006A14ED /* MyFavoriteDetailCell.swift in Sources */,
				F1278FFA265A68240069CFDB /* HomeDetailPriceView.swift in Sources */,
				22BCFE2C265FFFD9006741A3 /* Account.swift in Sources */,
				2224BA9E26396D2500E620C4 /* FeedTableViewCell4.swift in Sources */,
				2224224B266265A2001C4933 /* MyPagePopupViewController.swift in Sources */,
				F1C6B4232654435A001E8510 /* SearchPasswordViewController.swift in Sources */,
				F1C6B4152651376D001E8510 /* SingupNicknameViewModel.swift in Sources */,
				2224BA91263943B900E620C4 /* FeedPageViewController.swift in Sources */,
				227874B82656A5D1004F97D0 /* CompanyResult.swift in Sources */,
				222BC6FD26552112008C1CF2 /* PersistenceManager.swift in Sources */,
				F1F1D158264BF91300FE8C15 /* AppColor.swift in Sources */,
				F1C6B401264EA277001E8510 /* Combine_extension.swift in Sources */,
				F1C6B41726515C96001E8510 /* SignupEmailViewModel.swift in Sources */,
				229B6FB6264027D200D28B52 /* SearchHeaderTableViewCell.swift in Sources */,
				F1C6B407264EC546001E8510 /* SignupFlowViewController.swift in Sources */,
				F1D3471C264048DC00E63483 /* GradientView.swift in Sources */,
				22EEBC6C264831AA009FF3FA /* CategoryDetailsViewController.swift in Sources */,
				F1D34713264046A700E63483 /* HomeNewsCell.swift in Sources */,
				F11D81782684637D008B28F1 /* MyFavoriteEditDetailCell.swift in Sources */,
				F1F1D1312641661A00FE8C15 /* HomeDetailHeaderView.swift in Sources */,
				2224BA892639378400E620C4 /* NewsContainerViewController.swift in Sources */,
				F1278FF8265A5DA80069CFDB /* StockType.swift in Sources */,
				F121DF1A2623083400B09F21 /* MainTabBarController.swift in Sources */,
				F1F1D12F2641631300FE8C15 /* HomeDetailViewController.swift in Sources */,
				2292381E261B431700B50884 /* UIView_extension.swift in Sources */,
				22BCFE17265FAAD4006741A3 /* MyPageMainTableViewCell.swift in Sources */,
				F1F9C7C427184D01006919C5 /* HomeGridEmptyView.swift in Sources */,
				F1278FF226595EA10069CFDB /* LaunchViewController.swift in Sources */,
				222BC6D32655169F008C1CF2 /* CompanyModel.xcdatamodeld in Sources */,
				F121DF172623075B00B09F21 /* SignUpViewController.swift in Sources */,
				F1F1D1332641944F00FE8C15 /* HomeDetailLineChartCell.swift in Sources */,
				2292382C261B461300B50884 /* UIAlertController_extension.swift in Sources */,
				F1D3472026404C3900E63483 /* UIFont_extension.swift in Sources */,
				F1504BCA263B00C2007C82F2 /* GreetingCell.swift in Sources */,
				F121DEF1261B3CD100B09F21 /* NetworkModule.swift in Sources */,
				222BC6C82654E681008C1CF2 /* Search.swift in Sources */,
				F1A8DF582635925700937B31 /* Company.swift in Sources */,
				222BC6D026550AE0008C1CF2 /* String_extension.swift in Sources */,
				F1F1D1512645701700FE8C15 /* HomeDetailBarChartCell.swift in Sources */,
				229B6FB0264027B700D28B52 /* CategoryTableViewCell.swift in Sources */,
				2261893E262F0A1400A9B77B /* MenuCollectionViewCell.swift in Sources */,
				F1D3470C263EBD4B00E63483 /* InterestedCompanyCell.swift in Sources */,
				F1C6B419265160FC001E8510 /* SignupPasswordViewModel.swift in Sources */,
				22BCFE20265FC320006741A3 /* EditMyDataViewController.swift in Sources */,
				F1A8DF602635C8D900937B31 /* HomeViewModel.swift in Sources */,
				F1504BC6263AF3DC007C82F2 /* SlideOpenView.swift in Sources */,
				F121DF26262308DF00B09F21 /* MypageViewController.swift in Sources */,
				F1C6B40F264FD411001E8510 /* SignupRepasswordViewController.swift in Sources */,
				222BC6CA2654E8A3008C1CF2 /* SearchService.swift in Sources */,
				22A05BB5264864B900AEA69D /* DetailsCategoryTableViewCell.swift in Sources */,
				F1C6B4212652CC81001E8510 /* TermsAndConditionsViewController.swift in Sources */,
				22BCFE322660BF15006741A3 /* NoticeDetailsTableViewCell.swift in Sources */,
				F1D347182640481A00E63483 /* HomeGridCellPriceView.swift in Sources */,
				F1C6B41F2652BCEC001E8510 /* SignupInterestingViewModel.swift in Sources */,
				229B6FAA2640276400D28B52 /* CategoryHeaderTableViewCell.swift in Sources */,
				F177FA0126D140C3004D7EE4 /* HomeDetail.swift in Sources */,
				F1C6B41D2652997E001E8510 /* CombineNetworkModule.swift in Sources */,
				222BC6C22654DC90008C1CF2 /* SearchNewsfeedTableViewCell.swift in Sources */,
				22CCD8BA264BE4EC005B6368 /* NewsFeedService.swift in Sources */,
				F1F5A0ED26A7255A00E63980 /* MyFavoriteCompanyInHomeCell.swift in Sources */,
				22CCD8C6264D6353005B6368 /* LoadingTableViewCell.swift in Sources */,
				22618942262F0DE100A9B77B /* NewsDetailsViewController.swift in Sources */,
				F1D7AA04267A294700696EA9 /* HomeTitleHeaderView.swift in Sources */,
				F1D3470F264045C800E63483 /* UITableView_extension.swift in Sources */,
				F1B67192270DAF2200BE19D0 /* HomeGridConsensusView.swift in Sources */,
				222BC6CD2654FF3D008C1CF2 /* NoneResultTableViewCell.swift in Sources */,
				F121DEDC26185C3000B09F21 /* MainViewController.swift in Sources */,
				F121DF2B26230BA000B09F21 /* TabBarFactory.swift in Sources */,
				22618938262F09EA00A9B77B /* FeedTableViewCell1.swift in Sources */,
				2224BA9B26396C1B00E620C4 /* FeedTableViewCell3.swift in Sources */,
				F1C6B403264EA314001E8510 /* SignInputFieldView.swift in Sources */,
				22A05BB2264864A700AEA69D /* DetailsNewsTableViewCell.swift in Sources */,
				F1C6B405264EBB21001E8510 /* LoginViewModel.swift in Sources */,
				22A05BB8264865F800AEA69D /* DetailsCategoryCollectionViewCell.swift in Sources */,
				F1FA90A0267DE403006A14ED /* MyFavoriteViewController.swift in Sources */,
				F1C6B413264FDD46001E8510 /* SingupInterestingCell.swift in Sources */,
				F1F1D14D26455FC400FE8C15 /* HomeDetailNewsListCell.swift in Sources */,
				22CCD8B7264BE1E8005B6368 /* NewsFeed.swift in Sources */,
				22BCFE1D265FB6E1006741A3 /* NoticeTableViewCell.swift in Sources */,
				F1504BC8263AF4CF007C82F2 /* RoundShadowView.swift in Sources */,
				F121DF2B26230BA000B09F21 /* TabBarFactory.swift in Sources */,
				F1A8DF5D2635963700937B31 /* HomeRepository.swift in Sources */,
				22BCFE1A265FB587006741A3 /* NoticeViewController.swift in Sources */,
				F1F1D1552649690400FE8C15 /* HomeDetailRelativeCell.swift in Sources */,
				F1A8DF712637179700937B31 /* HomeHorizontalGridCell.swift in Sources */,
				F121DF20262308AC00B09F21 /* SearchViewController.swift in Sources */,
				F1C6B40B264FC617001E8510 /* SignupNicknameViewController.swift in Sources */,
				F1562901262DC538004FB256 /* HomeGreetingHeaderView.swift in Sources */,
				22EEBC622647FBD1009FF3FA /* CategoryCollectionViewCell.swift in Sources */,
				F1562901262DC538004FB256 /* HomeGreetingHeaderView.swift in Sources */,
				229B6FB3264027C500D28B52 /* CompanyTableViewCell.swift in Sources */,
				F121DEEE261B3C9B00B09F21 /* UIColor_extension.swift in Sources */,
				22923834261B471C00B50884 /* UIViewController_extension.swift in Sources */,
				F121DF132623049600B09F21 /* LoginViewController.swift in Sources */,
				F121DF1D2623087900B09F21 /* HomeViewController.swift in Sources */,
				229B6FB9264027DA00D28B52 /* SearchTableViewCell.swift in Sources */,
				22BCFE29265FFFB2006741A3 /* MyPageService.swift in Sources */,
				227874BC2656AB8F004F97D0 /* CategoryService.swift in Sources */,
				F1D34715264046E700E63483 /* PaddingLabel.swift in Sources */,
				22EEBC6626481E84009FF3FA /* CompanyNewsTableViewCell.swift in Sources */,
				F1C6B4292655652F001E8510 /* ServiceInfoConditionViewController.swift in Sources */,
				F1C6B425265444C3001E8510 /* SearchPasswordViewModel.swift in Sources */,
				22923829261B45CA00B50884 /* NSObject_extension.swift in Sources */,
				F1C6B411264FD6CD001E8510 /* SignupInterestingViewController.swift in Sources */,
				2224BA972639694D00E620C4 /* FeedTableViewCell2.swift in Sources */,
				2224BA862639368100E620C4 /* CustomSegmentedControl.swift in Sources */,
				22BCFE302660BF00006741A3 /* NoticeDetailsViewController.swift in Sources */,
				F1C6B40D264FCF51001E8510 /* SignupPasswordViewController.swift in Sources */,
				F1562904262DC89B004FB256 /* HomeGridCell.swift in Sources */,
				22CCD8BD264BE52B005B6368 /* APIService.swift in Sources */,
				F121DF23262308C500B09F21 /* NewsFeedViewController.swift in Sources */,
			);
			runOnlyForDeploymentPostprocessing = 0;
		};
/* End PBXSourcesBuildPhase section */

/* Begin PBXVariantGroup section */
		F173475E261855C5009EC5D6 /* Main.storyboard */ = {
			isa = PBXVariantGroup;
			children = (
				F173475F261855C5009EC5D6 /* Base */,
			);
			name = Main.storyboard;
			sourceTree = "<group>";
		};
		F1734763261855CA009EC5D6 /* LaunchScreen.storyboard */ = {
			isa = PBXVariantGroup;
			children = (
				F1734764261855CA009EC5D6 /* Base */,
			);
			name = LaunchScreen.storyboard;
			sourceTree = "<group>";
		};
/* End PBXVariantGroup section */

/* Begin XCBuildConfiguration section */
		F1734767261855CA009EC5D6 /* Debug */ = {
			isa = XCBuildConfiguration;
			buildSettings = {
				ALWAYS_SEARCH_USER_PATHS = NO;
				CLANG_ANALYZER_NONNULL = YES;
				CLANG_ANALYZER_NUMBER_OBJECT_CONVERSION = YES_AGGRESSIVE;
				CLANG_CXX_LANGUAGE_STANDARD = "gnu++14";
				CLANG_CXX_LIBRARY = "libc++";
				CLANG_ENABLE_MODULES = YES;
				CLANG_ENABLE_OBJC_ARC = YES;
				CLANG_ENABLE_OBJC_WEAK = YES;
				CLANG_WARN_BLOCK_CAPTURE_AUTORELEASING = YES;
				CLANG_WARN_BOOL_CONVERSION = YES;
				CLANG_WARN_COMMA = YES;
				CLANG_WARN_CONSTANT_CONVERSION = YES;
				CLANG_WARN_DEPRECATED_OBJC_IMPLEMENTATIONS = YES;
				CLANG_WARN_DIRECT_OBJC_ISA_USAGE = YES_ERROR;
				CLANG_WARN_DOCUMENTATION_COMMENTS = YES;
				CLANG_WARN_EMPTY_BODY = YES;
				CLANG_WARN_ENUM_CONVERSION = YES;
				CLANG_WARN_INFINITE_RECURSION = YES;
				CLANG_WARN_INT_CONVERSION = YES;
				CLANG_WARN_NON_LITERAL_NULL_CONVERSION = YES;
				CLANG_WARN_OBJC_IMPLICIT_RETAIN_SELF = YES;
				CLANG_WARN_OBJC_LITERAL_CONVERSION = YES;
				CLANG_WARN_OBJC_ROOT_CLASS = YES_ERROR;
				CLANG_WARN_QUOTED_INCLUDE_IN_FRAMEWORK_HEADER = YES;
				CLANG_WARN_RANGE_LOOP_ANALYSIS = YES;
				CLANG_WARN_STRICT_PROTOTYPES = YES;
				CLANG_WARN_SUSPICIOUS_MOVE = YES;
				CLANG_WARN_UNGUARDED_AVAILABILITY = YES_AGGRESSIVE;
				CLANG_WARN_UNREACHABLE_CODE = YES;
				CLANG_WARN__DUPLICATE_METHOD_MATCH = YES;
				COPY_PHASE_STRIP = NO;
				DEBUG_INFORMATION_FORMAT = dwarf;
				ENABLE_STRICT_OBJC_MSGSEND = YES;
				ENABLE_TESTABILITY = YES;
				GCC_C_LANGUAGE_STANDARD = gnu11;
				GCC_DYNAMIC_NO_PIC = NO;
				GCC_NO_COMMON_BLOCKS = YES;
				GCC_OPTIMIZATION_LEVEL = 0;
				GCC_PREPROCESSOR_DEFINITIONS = (
					"DEBUG=1",
					"$(inherited)",
				);
				GCC_WARN_64_TO_32_BIT_CONVERSION = YES;
				GCC_WARN_ABOUT_RETURN_TYPE = YES_ERROR;
				GCC_WARN_UNDECLARED_SELECTOR = YES;
				GCC_WARN_UNINITIALIZED_AUTOS = YES_AGGRESSIVE;
				GCC_WARN_UNUSED_FUNCTION = YES;
				GCC_WARN_UNUSED_VARIABLE = YES;
				IPHONEOS_DEPLOYMENT_TARGET = 13.0;
				MTL_ENABLE_DEBUG_INFO = INCLUDE_SOURCE;
				MTL_FAST_MATH = YES;
				ONLY_ACTIVE_ARCH = YES;
				SDKROOT = iphoneos;
				SWIFT_ACTIVE_COMPILATION_CONDITIONS = DEBUG;
				SWIFT_OPTIMIZATION_LEVEL = "-Onone";
			};
			name = Debug;
		};
		F1734768261855CA009EC5D6 /* Release */ = {
			isa = XCBuildConfiguration;
			buildSettings = {
				ALWAYS_SEARCH_USER_PATHS = NO;
				CLANG_ANALYZER_NONNULL = YES;
				CLANG_ANALYZER_NUMBER_OBJECT_CONVERSION = YES_AGGRESSIVE;
				CLANG_CXX_LANGUAGE_STANDARD = "gnu++14";
				CLANG_CXX_LIBRARY = "libc++";
				CLANG_ENABLE_MODULES = YES;
				CLANG_ENABLE_OBJC_ARC = YES;
				CLANG_ENABLE_OBJC_WEAK = YES;
				CLANG_WARN_BLOCK_CAPTURE_AUTORELEASING = YES;
				CLANG_WARN_BOOL_CONVERSION = YES;
				CLANG_WARN_COMMA = YES;
				CLANG_WARN_CONSTANT_CONVERSION = YES;
				CLANG_WARN_DEPRECATED_OBJC_IMPLEMENTATIONS = YES;
				CLANG_WARN_DIRECT_OBJC_ISA_USAGE = YES_ERROR;
				CLANG_WARN_DOCUMENTATION_COMMENTS = YES;
				CLANG_WARN_EMPTY_BODY = YES;
				CLANG_WARN_ENUM_CONVERSION = YES;
				CLANG_WARN_INFINITE_RECURSION = YES;
				CLANG_WARN_INT_CONVERSION = YES;
				CLANG_WARN_NON_LITERAL_NULL_CONVERSION = YES;
				CLANG_WARN_OBJC_IMPLICIT_RETAIN_SELF = YES;
				CLANG_WARN_OBJC_LITERAL_CONVERSION = YES;
				CLANG_WARN_OBJC_ROOT_CLASS = YES_ERROR;
				CLANG_WARN_QUOTED_INCLUDE_IN_FRAMEWORK_HEADER = YES;
				CLANG_WARN_RANGE_LOOP_ANALYSIS = YES;
				CLANG_WARN_STRICT_PROTOTYPES = YES;
				CLANG_WARN_SUSPICIOUS_MOVE = YES;
				CLANG_WARN_UNGUARDED_AVAILABILITY = YES_AGGRESSIVE;
				CLANG_WARN_UNREACHABLE_CODE = YES;
				CLANG_WARN__DUPLICATE_METHOD_MATCH = YES;
				COPY_PHASE_STRIP = NO;
				DEBUG_INFORMATION_FORMAT = "dwarf-with-dsym";
				ENABLE_NS_ASSERTIONS = NO;
				ENABLE_STRICT_OBJC_MSGSEND = YES;
				GCC_C_LANGUAGE_STANDARD = gnu11;
				GCC_NO_COMMON_BLOCKS = YES;
				GCC_WARN_64_TO_32_BIT_CONVERSION = YES;
				GCC_WARN_ABOUT_RETURN_TYPE = YES_ERROR;
				GCC_WARN_UNDECLARED_SELECTOR = YES;
				GCC_WARN_UNINITIALIZED_AUTOS = YES_AGGRESSIVE;
				GCC_WARN_UNUSED_FUNCTION = YES;
				GCC_WARN_UNUSED_VARIABLE = YES;
				IPHONEOS_DEPLOYMENT_TARGET = 13.0;
				MTL_ENABLE_DEBUG_INFO = NO;
				MTL_FAST_MATH = YES;
				SDKROOT = iphoneos;
				SWIFT_COMPILATION_MODE = wholemodule;
				SWIFT_OPTIMIZATION_LEVEL = "-O";
				VALIDATE_PRODUCT = YES;
			};
			name = Release;
		};
		F173476A261855CA009EC5D6 /* Debug */ = {
			isa = XCBuildConfiguration;
			buildSettings = {
				ASSETCATALOG_COMPILER_APPICON_NAME = AppIcon;
				ASSETCATALOG_COMPILER_GLOBAL_ACCENT_COLOR_NAME = AccentColor;
				CODE_SIGN_IDENTITY = "iPhone Developer";
				CODE_SIGN_STYLE = Manual;
				CURRENT_PROJECT_VERSION = 100011;
				DEAD_CODE_STRIPPING = NO;
				DEVELOPMENT_TEAM = 585U699PLX;
				INFOPLIST_FILE = Digin/Resources/Info.plist;
				LD_RUNPATH_SEARCH_PATHS = (
					"$(inherited)",
					"@executable_path/Frameworks",
				);
				PRODUCT_BUNDLE_IDENTIFIER = com.digin;
				PRODUCT_NAME = "$(TARGET_NAME)";
				PROVISIONING_PROFILE_SPECIFIER = digin_debug_profile;
				SWIFT_VERSION = 5.0;
				TARGETED_DEVICE_FAMILY = 1;
			};
			name = Debug;
		};
		F173476B261855CA009EC5D6 /* Release */ = {
			isa = XCBuildConfiguration;
			buildSettings = {
				ASSETCATALOG_COMPILER_APPICON_NAME = AppIcon;
				ASSETCATALOG_COMPILER_GLOBAL_ACCENT_COLOR_NAME = AccentColor;
				CODE_SIGN_IDENTITY = "iPhone Distribution";
				CODE_SIGN_STYLE = Manual;
				CURRENT_PROJECT_VERSION = 100011;
				DEAD_CODE_STRIPPING = NO;
				DEVELOPMENT_TEAM = 585U699PLX;
				INFOPLIST_FILE = Digin/Resources/Info.plist;
				LD_RUNPATH_SEARCH_PATHS = (
					"$(inherited)",
					"@executable_path/Frameworks",
				);
				PRODUCT_BUNDLE_IDENTIFIER = com.digin;
				PRODUCT_NAME = "$(TARGET_NAME)";
				PROVISIONING_PROFILE_SPECIFIER = digin_release_profile;
				SWIFT_VERSION = 5.0;
				TARGETED_DEVICE_FAMILY = 1;
			};
			name = Release;
		};
/* End XCBuildConfiguration section */

/* Begin XCConfigurationList section */
		F1734750261855C5009EC5D6 /* Build configuration list for PBXProject "Digin" */ = {
			isa = XCConfigurationList;
			buildConfigurations = (
				F1734767261855CA009EC5D6 /* Debug */,
				F1734768261855CA009EC5D6 /* Release */,
			);
			defaultConfigurationIsVisible = 0;
			defaultConfigurationName = Release;
		};
		F1734769261855CA009EC5D6 /* Build configuration list for PBXNativeTarget "Digin" */ = {
			isa = XCConfigurationList;
			buildConfigurations = (
				F173476A261855CA009EC5D6 /* Debug */,
				F173476B261855CA009EC5D6 /* Release */,
			);
			defaultConfigurationIsVisible = 0;
			defaultConfigurationName = Release;
		};
/* End XCConfigurationList section */

/* Begin XCRemoteSwiftPackageReference section */
		22BCFE25265FE5CE006741A3 /* XCRemoteSwiftPackageReference "Kingfisher" */ = {
			isa = XCRemoteSwiftPackageReference;
			repositoryURL = "https://github.com/onevcat/Kingfisher.git";
			requirement = {
				kind = upToNextMajorVersion;
				minimumVersion = 6.0.0;
			};
		};
		F1278FEE26595BD30069CFDB /* XCRemoteSwiftPackageReference "lottie-ios" */ = {
			isa = XCRemoteSwiftPackageReference;
			repositoryURL = "https://github.com/airbnb/lottie-ios.git";
			requirement = {
				branch = master;
				kind = branch;
			};
		};
/* End XCRemoteSwiftPackageReference section */

/* Begin XCSwiftPackageProductDependency section */
		22BCFE26265FE5CE006741A3 /* Kingfisher */ = {
			isa = XCSwiftPackageProductDependency;
			package = 22BCFE25265FE5CE006741A3 /* XCRemoteSwiftPackageReference "Kingfisher" */;
			productName = Kingfisher;
		};
		F1278FEF26595BD30069CFDB /* Lottie */ = {
			isa = XCSwiftPackageProductDependency;
			package = F1278FEE26595BD30069CFDB /* XCRemoteSwiftPackageReference "lottie-ios" */;
			productName = Lottie;
		};
/* End XCSwiftPackageProductDependency section */

/* Begin XCVersionGroup section */
		222BC6D12655169F008C1CF2 /* CompanyModel.xcdatamodeld */ = {
			isa = XCVersionGroup;
			children = (
				222BC6D22655169F008C1CF2 /* CompanyModel.xcdatamodel */,
			);
			currentVersion = 222BC6D22655169F008C1CF2 /* CompanyModel.xcdatamodel */;
			path = CompanyModel.xcdatamodeld;
			sourceTree = "<group>";
			versionGroupType = wrapper.xcdatamodel;
		};
/* End XCVersionGroup section */
	};
	rootObject = F173474D261855C5009EC5D6 /* Project object */;
}
