// !$*UTF8*$!
{
	archiveVersion = 1;
	classes = {
	};
	objectVersion = 50;
	objects = {

/* Begin PBXBuildFile section */
		2224BA862639368100E620C4 /* CustomSegmentedControl.swift in Sources */ = {isa = PBXBuildFile; fileRef = 2224BA852639368100E620C4 /* CustomSegmentedControl.swift */; };
		2224BA892639378400E620C4 /* NewsContainerViewController.swift in Sources */ = {isa = PBXBuildFile; fileRef = 2224BA882639378400E620C4 /* NewsContainerViewController.swift */; };
		2224BA91263943B900E620C4 /* FeedPageViewController.swift in Sources */ = {isa = PBXBuildFile; fileRef = 2224BA90263943B900E620C4 /* FeedPageViewController.swift */; };
		2224BA972639694D00E620C4 /* FeedTableViewCell2.swift in Sources */ = {isa = PBXBuildFile; fileRef = 2224BA962639694D00E620C4 /* FeedTableViewCell2.swift */; };
		2224BA9B26396C1B00E620C4 /* FeedTableViewCell3.swift in Sources */ = {isa = PBXBuildFile; fileRef = 2224BA9A26396C1B00E620C4 /* FeedTableViewCell3.swift */; };
		2224BA9E26396D2500E620C4 /* FeedTableViewCell4.swift in Sources */ = {isa = PBXBuildFile; fileRef = 2224BA9D26396D2500E620C4 /* FeedTableViewCell4.swift */; };
		2224BAB9263AA5A600E620C4 /* FeedSkeletonTableViewCell3.swift in Sources */ = {isa = PBXBuildFile; fileRef = 2224BAB8263AA5A600E620C4 /* FeedSkeletonTableViewCell3.swift */; };
		2224BABC263AA80F00E620C4 /* FeedSkeletonTableViewCell1.swift in Sources */ = {isa = PBXBuildFile; fileRef = 2224BABB263AA80F00E620C4 /* FeedSkeletonTableViewCell1.swift */; };
		2224BABF263AA84900E620C4 /* FeedSkeletonTableViewCell2.swift in Sources */ = {isa = PBXBuildFile; fileRef = 2224BABE263AA84900E620C4 /* FeedSkeletonTableViewCell2.swift */; };
		2224BAC2263AA86800E620C4 /* FeedSkeletonTableViewCell4.swift in Sources */ = {isa = PBXBuildFile; fileRef = 2224BAC1263AA86800E620C4 /* FeedSkeletonTableViewCell4.swift */; };
		22618934262F07E900A9B77B /* NewsFeed.storyboard in Resources */ = {isa = PBXBuildFile; fileRef = 22618933262F07E900A9B77B /* NewsFeed.storyboard */; };
		22618938262F09EA00A9B77B /* FeedTableViewCell1.swift in Sources */ = {isa = PBXBuildFile; fileRef = 22618937262F09EA00A9B77B /* FeedTableViewCell1.swift */; };
		2261893E262F0A1400A9B77B /* MenuCollectionViewCell.swift in Sources */ = {isa = PBXBuildFile; fileRef = 2261893D262F0A1400A9B77B /* MenuCollectionViewCell.swift */; };
		22618942262F0DE100A9B77B /* NewsDetailsViewController.swift in Sources */ = {isa = PBXBuildFile; fileRef = 22618941262F0DE100A9B77B /* NewsDetailsViewController.swift */; };
		22618945262F120100A9B77B /* SkeletonLoadable.swift in Sources */ = {isa = PBXBuildFile; fileRef = 22618944262F120100A9B77B /* SkeletonLoadable.swift */; };
		2292381E261B431700B50884 /* UIView_extension.swift in Sources */ = {isa = PBXBuildFile; fileRef = 2292381D261B431700B50884 /* UIView_extension.swift */; };
		22923829261B45CA00B50884 /* NSObject_extension.swift in Sources */ = {isa = PBXBuildFile; fileRef = 22923828261B45CA00B50884 /* NSObject_extension.swift */; };
		2292382C261B461300B50884 /* UIAlertController_extension.swift in Sources */ = {isa = PBXBuildFile; fileRef = 2292382B261B461300B50884 /* UIAlertController_extension.swift */; };
		22923834261B471C00B50884 /* UIViewController_extension.swift in Sources */ = {isa = PBXBuildFile; fileRef = 22923833261B471C00B50884 /* UIViewController_extension.swift */; };
		F121DED526185A6C00B09F21 /* .swiftlint.yml in Resources */ = {isa = PBXBuildFile; fileRef = F121DED426185A6C00B09F21 /* .swiftlint.yml */; };
		F121DEDC26185C3000B09F21 /* MainViewController.swift in Sources */ = {isa = PBXBuildFile; fileRef = F121DEDB26185C3000B09F21 /* MainViewController.swift */; };
		F121DEEE261B3C9B00B09F21 /* UIColor_extension.swift in Sources */ = {isa = PBXBuildFile; fileRef = F121DEED261B3C9B00B09F21 /* UIColor_extension.swift */; };
		F121DEF1261B3CD100B09F21 /* NetworkModule.swift in Sources */ = {isa = PBXBuildFile; fileRef = F121DEF0261B3CD100B09F21 /* NetworkModule.swift */; };
		F121DF132623049600B09F21 /* LoginViewController.swift in Sources */ = {isa = PBXBuildFile; fileRef = F121DF122623049600B09F21 /* LoginViewController.swift */; };
		F121DF172623075B00B09F21 /* SignUpViewController.swift in Sources */ = {isa = PBXBuildFile; fileRef = F121DF162623075B00B09F21 /* SignUpViewController.swift */; };
		F121DF1A2623083400B09F21 /* MainTabBarController.swift in Sources */ = {isa = PBXBuildFile; fileRef = F121DF192623083400B09F21 /* MainTabBarController.swift */; };
		F121DF1D2623087900B09F21 /* HomeViewController.swift in Sources */ = {isa = PBXBuildFile; fileRef = F121DF1C2623087900B09F21 /* HomeViewController.swift */; };
		F121DF20262308AC00B09F21 /* SearchViewController.swift in Sources */ = {isa = PBXBuildFile; fileRef = F121DF1F262308AC00B09F21 /* SearchViewController.swift */; };
		F121DF23262308C500B09F21 /* NewsFeedViewController.swift in Sources */ = {isa = PBXBuildFile; fileRef = F121DF22262308C500B09F21 /* NewsFeedViewController.swift */; };
		F121DF26262308DF00B09F21 /* MypageViewController.swift in Sources */ = {isa = PBXBuildFile; fileRef = F121DF25262308DF00B09F21 /* MypageViewController.swift */; };
		F121DF2B26230BA000B09F21 /* TabBarFactory.swift in Sources */ = {isa = PBXBuildFile; fileRef = F121DF2A26230BA000B09F21 /* TabBarFactory.swift */; };
		F1504BC6263AF3DC007C82F2 /* SlideOpenView.swift in Sources */ = {isa = PBXBuildFile; fileRef = F1504BC5263AF3DC007C82F2 /* SlideOpenView.swift */; };
		F1504BC8263AF4CF007C82F2 /* RoundShadowView.swift in Sources */ = {isa = PBXBuildFile; fileRef = F1504BC7263AF4CF007C82F2 /* RoundShadowView.swift */; };
		F1504BCA263B00C2007C82F2 /* GreetingCell.swift in Sources */ = {isa = PBXBuildFile; fileRef = F1504BC9263B00C2007C82F2 /* GreetingCell.swift */; };
		F1562901262DC538004FB256 /* HomeGreetingHeaderView.swift in Sources */ = {isa = PBXBuildFile; fileRef = F1562900262DC538004FB256 /* HomeGreetingHeaderView.swift */; };
		F1562904262DC89B004FB256 /* HomeGridCell.swift in Sources */ = {isa = PBXBuildFile; fileRef = F1562903262DC89B004FB256 /* HomeGridCell.swift */; };
		F1734759261855C5009EC5D6 /* AppDelegate.swift in Sources */ = {isa = PBXBuildFile; fileRef = F1734758261855C5009EC5D6 /* AppDelegate.swift */; };
		F173475B261855C5009EC5D6 /* SceneDelegate.swift in Sources */ = {isa = PBXBuildFile; fileRef = F173475A261855C5009EC5D6 /* SceneDelegate.swift */; };
		F1734760261855C5009EC5D6 /* Main.storyboard in Resources */ = {isa = PBXBuildFile; fileRef = F173475E261855C5009EC5D6 /* Main.storyboard */; };
		F1734762261855CA009EC5D6 /* Assets.xcassets in Resources */ = {isa = PBXBuildFile; fileRef = F1734761261855CA009EC5D6 /* Assets.xcassets */; };
		F1734765261855CA009EC5D6 /* LaunchScreen.storyboard in Resources */ = {isa = PBXBuildFile; fileRef = F1734763261855CA009EC5D6 /* LaunchScreen.storyboard */; };
		F1A8DF582635925700937B31 /* Company.swift in Sources */ = {isa = PBXBuildFile; fileRef = F1A8DF572635925700937B31 /* Company.swift */; };
		F1A8DF5D2635963700937B31 /* HomeRepository.swift in Sources */ = {isa = PBXBuildFile; fileRef = F1A8DF5C2635963700937B31 /* HomeRepository.swift */; };
		F1A8DF602635C8D900937B31 /* HomeViewModel.swift in Sources */ = {isa = PBXBuildFile; fileRef = F1A8DF5F2635C8D900937B31 /* HomeViewModel.swift */; };
		F1A8DF652635D3B200937B31 /* HomeDummy.json in Resources */ = {isa = PBXBuildFile; fileRef = F1A8DF642635D3B200937B31 /* HomeDummy.json */; };
		F1A8DF712637179700937B31 /* HomeHorizontalGridCell.swift in Sources */ = {isa = PBXBuildFile; fileRef = F1A8DF702637179700937B31 /* HomeHorizontalGridCell.swift */; };
/* End PBXBuildFile section */

/* Begin PBXFileReference section */
		2224BA852639368100E620C4 /* CustomSegmentedControl.swift */ = {isa = PBXFileReference; lastKnownFileType = sourcecode.swift; path = CustomSegmentedControl.swift; sourceTree = "<group>"; };
		2224BA882639378400E620C4 /* NewsContainerViewController.swift */ = {isa = PBXFileReference; lastKnownFileType = sourcecode.swift; path = NewsContainerViewController.swift; sourceTree = "<group>"; };
		2224BA90263943B900E620C4 /* FeedPageViewController.swift */ = {isa = PBXFileReference; lastKnownFileType = sourcecode.swift; path = FeedPageViewController.swift; sourceTree = "<group>"; };
		2224BA962639694D00E620C4 /* FeedTableViewCell2.swift */ = {isa = PBXFileReference; lastKnownFileType = sourcecode.swift; path = FeedTableViewCell2.swift; sourceTree = "<group>"; };
		2224BA9A26396C1B00E620C4 /* FeedTableViewCell3.swift */ = {isa = PBXFileReference; lastKnownFileType = sourcecode.swift; path = FeedTableViewCell3.swift; sourceTree = "<group>"; };
		2224BA9D26396D2500E620C4 /* FeedTableViewCell4.swift */ = {isa = PBXFileReference; lastKnownFileType = sourcecode.swift; path = FeedTableViewCell4.swift; sourceTree = "<group>"; };
		2224BAB8263AA5A600E620C4 /* FeedSkeletonTableViewCell3.swift */ = {isa = PBXFileReference; lastKnownFileType = sourcecode.swift; path = FeedSkeletonTableViewCell3.swift; sourceTree = "<group>"; };
		2224BABB263AA80F00E620C4 /* FeedSkeletonTableViewCell1.swift */ = {isa = PBXFileReference; lastKnownFileType = sourcecode.swift; path = FeedSkeletonTableViewCell1.swift; sourceTree = "<group>"; };
		2224BABE263AA84900E620C4 /* FeedSkeletonTableViewCell2.swift */ = {isa = PBXFileReference; lastKnownFileType = sourcecode.swift; path = FeedSkeletonTableViewCell2.swift; sourceTree = "<group>"; };
		2224BAC1263AA86800E620C4 /* FeedSkeletonTableViewCell4.swift */ = {isa = PBXFileReference; lastKnownFileType = sourcecode.swift; path = FeedSkeletonTableViewCell4.swift; sourceTree = "<group>"; };
		22618933262F07E900A9B77B /* NewsFeed.storyboard */ = {isa = PBXFileReference; lastKnownFileType = file.storyboard; path = NewsFeed.storyboard; sourceTree = "<group>"; };
		22618937262F09EA00A9B77B /* FeedTableViewCell1.swift */ = {isa = PBXFileReference; lastKnownFileType = sourcecode.swift; path = FeedTableViewCell1.swift; sourceTree = "<group>"; };
		2261893D262F0A1400A9B77B /* MenuCollectionViewCell.swift */ = {isa = PBXFileReference; lastKnownFileType = sourcecode.swift; path = MenuCollectionViewCell.swift; sourceTree = "<group>"; };
		22618941262F0DE100A9B77B /* NewsDetailsViewController.swift */ = {isa = PBXFileReference; lastKnownFileType = sourcecode.swift; path = NewsDetailsViewController.swift; sourceTree = "<group>"; };
		22618944262F120100A9B77B /* SkeletonLoadable.swift */ = {isa = PBXFileReference; lastKnownFileType = sourcecode.swift; path = SkeletonLoadable.swift; sourceTree = "<group>"; };
		2292381D261B431700B50884 /* UIView_extension.swift */ = {isa = PBXFileReference; lastKnownFileType = sourcecode.swift; path = UIView_extension.swift; sourceTree = "<group>"; };
		22923828261B45CA00B50884 /* NSObject_extension.swift */ = {isa = PBXFileReference; lastKnownFileType = sourcecode.swift; path = NSObject_extension.swift; sourceTree = "<group>"; };
		2292382B261B461300B50884 /* UIAlertController_extension.swift */ = {isa = PBXFileReference; lastKnownFileType = sourcecode.swift; path = UIAlertController_extension.swift; sourceTree = "<group>"; };
		22923833261B471C00B50884 /* UIViewController_extension.swift */ = {isa = PBXFileReference; lastKnownFileType = sourcecode.swift; path = UIViewController_extension.swift; sourceTree = "<group>"; };
		F121DED426185A6C00B09F21 /* .swiftlint.yml */ = {isa = PBXFileReference; lastKnownFileType = text.yaml; path = .swiftlint.yml; sourceTree = "<group>"; };
		F121DEDB26185C3000B09F21 /* MainViewController.swift */ = {isa = PBXFileReference; lastKnownFileType = sourcecode.swift; path = MainViewController.swift; sourceTree = "<group>"; };
		F121DEED261B3C9B00B09F21 /* UIColor_extension.swift */ = {isa = PBXFileReference; lastKnownFileType = sourcecode.swift; path = UIColor_extension.swift; sourceTree = "<group>"; };
		F121DEF0261B3CD100B09F21 /* NetworkModule.swift */ = {isa = PBXFileReference; lastKnownFileType = sourcecode.swift; name = NetworkModule.swift; path = Digin/Common/Extension/NetworkModule.swift; sourceTree = SOURCE_ROOT; };
		F121DF122623049600B09F21 /* LoginViewController.swift */ = {isa = PBXFileReference; lastKnownFileType = sourcecode.swift; path = LoginViewController.swift; sourceTree = "<group>"; };
		F121DF162623075B00B09F21 /* SignUpViewController.swift */ = {isa = PBXFileReference; lastKnownFileType = sourcecode.swift; path = SignUpViewController.swift; sourceTree = "<group>"; };
		F121DF192623083400B09F21 /* MainTabBarController.swift */ = {isa = PBXFileReference; lastKnownFileType = sourcecode.swift; path = MainTabBarController.swift; sourceTree = "<group>"; };
		F121DF1C2623087900B09F21 /* HomeViewController.swift */ = {isa = PBXFileReference; lastKnownFileType = sourcecode.swift; path = HomeViewController.swift; sourceTree = "<group>"; };
		F121DF1F262308AC00B09F21 /* SearchViewController.swift */ = {isa = PBXFileReference; lastKnownFileType = sourcecode.swift; path = SearchViewController.swift; sourceTree = "<group>"; };
		F121DF22262308C500B09F21 /* NewsFeedViewController.swift */ = {isa = PBXFileReference; lastKnownFileType = sourcecode.swift; path = NewsFeedViewController.swift; sourceTree = "<group>"; };
		F121DF25262308DF00B09F21 /* MypageViewController.swift */ = {isa = PBXFileReference; lastKnownFileType = sourcecode.swift; path = MypageViewController.swift; sourceTree = "<group>"; };
		F121DF2A26230BA000B09F21 /* TabBarFactory.swift */ = {isa = PBXFileReference; lastKnownFileType = sourcecode.swift; path = TabBarFactory.swift; sourceTree = "<group>"; };
		F1504BC5263AF3DC007C82F2 /* SlideOpenView.swift */ = {isa = PBXFileReference; lastKnownFileType = sourcecode.swift; path = SlideOpenView.swift; sourceTree = "<group>"; };
		F1504BC7263AF4CF007C82F2 /* RoundShadowView.swift */ = {isa = PBXFileReference; lastKnownFileType = sourcecode.swift; path = RoundShadowView.swift; sourceTree = "<group>"; };
		F1504BC9263B00C2007C82F2 /* GreetingCell.swift */ = {isa = PBXFileReference; lastKnownFileType = sourcecode.swift; path = GreetingCell.swift; sourceTree = "<group>"; };
		F1562900262DC538004FB256 /* HomeGreetingHeaderView.swift */ = {isa = PBXFileReference; lastKnownFileType = sourcecode.swift; path = HomeGreetingHeaderView.swift; sourceTree = "<group>"; };
		F1562903262DC89B004FB256 /* HomeGridCell.swift */ = {isa = PBXFileReference; lastKnownFileType = sourcecode.swift; path = HomeGridCell.swift; sourceTree = "<group>"; };
		F1734755261855C5009EC5D6 /* Digin.app */ = {isa = PBXFileReference; explicitFileType = wrapper.application; includeInIndex = 0; path = Digin.app; sourceTree = BUILT_PRODUCTS_DIR; };
		F1734758261855C5009EC5D6 /* AppDelegate.swift */ = {isa = PBXFileReference; lastKnownFileType = sourcecode.swift; path = AppDelegate.swift; sourceTree = "<group>"; };
		F173475A261855C5009EC5D6 /* SceneDelegate.swift */ = {isa = PBXFileReference; lastKnownFileType = sourcecode.swift; path = SceneDelegate.swift; sourceTree = "<group>"; };
		F173475F261855C5009EC5D6 /* Base */ = {isa = PBXFileReference; lastKnownFileType = file.storyboard; name = Base; path = Base.lproj/Main.storyboard; sourceTree = "<group>"; };
		F1734761261855CA009EC5D6 /* Assets.xcassets */ = {isa = PBXFileReference; lastKnownFileType = folder.assetcatalog; path = Assets.xcassets; sourceTree = "<group>"; };
		F1734764261855CA009EC5D6 /* Base */ = {isa = PBXFileReference; lastKnownFileType = file.storyboard; name = Base; path = Base.lproj/LaunchScreen.storyboard; sourceTree = "<group>"; };
		F1734766261855CA009EC5D6 /* Info.plist */ = {isa = PBXFileReference; lastKnownFileType = text.plist.xml; path = Info.plist; sourceTree = "<group>"; };
		F1A8DF572635925700937B31 /* Company.swift */ = {isa = PBXFileReference; lastKnownFileType = sourcecode.swift; path = Company.swift; sourceTree = "<group>"; };
		F1A8DF5C2635963700937B31 /* HomeRepository.swift */ = {isa = PBXFileReference; lastKnownFileType = sourcecode.swift; path = HomeRepository.swift; sourceTree = "<group>"; };
		F1A8DF5F2635C8D900937B31 /* HomeViewModel.swift */ = {isa = PBXFileReference; lastKnownFileType = sourcecode.swift; path = HomeViewModel.swift; sourceTree = "<group>"; };
		F1A8DF642635D3B200937B31 /* HomeDummy.json */ = {isa = PBXFileReference; fileEncoding = 4; lastKnownFileType = text.json; path = HomeDummy.json; sourceTree = "<group>"; };
		F1A8DF702637179700937B31 /* HomeHorizontalGridCell.swift */ = {isa = PBXFileReference; lastKnownFileType = sourcecode.swift; path = HomeHorizontalGridCell.swift; sourceTree = "<group>"; };
/* End PBXFileReference section */

/* Begin PBXFrameworksBuildPhase section */
		F1734752261855C5009EC5D6 /* Frameworks */ = {
			isa = PBXFrameworksBuildPhase;
			buildActionMask = 2147483647;
			files = (
			);
			runOnlyForDeploymentPostprocessing = 0;
		};
/* End PBXFrameworksBuildPhase section */

/* Begin PBXGroup section */
		2224BAA12639805B00E620C4 /* Skeleton */ = {
			isa = PBXGroup;
			children = (
				22618944262F120100A9B77B /* SkeletonLoadable.swift */,
				2224BABB263AA80F00E620C4 /* FeedSkeletonTableViewCell1.swift */,
				2224BABE263AA84900E620C4 /* FeedSkeletonTableViewCell2.swift */,
				2224BAB8263AA5A600E620C4 /* FeedSkeletonTableViewCell3.swift */,
				2224BAC1263AA86800E620C4 /* FeedSkeletonTableViewCell4.swift */,
			);
			path = Skeleton;
			sourceTree = "<group>";
		};
		F121DEDE26185CE200B09F21 /* Main */ = {
			isa = PBXGroup;
			children = (
				F173475E261855C5009EC5D6 /* Main.storyboard */,
				F121DEDB26185C3000B09F21 /* MainViewController.swift */,
				F121DF352623381C00B09F21 /* MyPage */,
				F121DF342623381200B09F21 /* Home */,
				F121DF312623374000B09F21 /* Tab */,
				F121DF322623376A00B09F21 /* Search */,
				F121DF332623377600B09F21 /* NewsFeed */,
			);
			path = Main;
			sourceTree = "<group>";
		};
		F121DEE3261B396300B09F21 /* Application */ = {
			isa = PBXGroup;
			children = (
				F1734758261855C5009EC5D6 /* AppDelegate.swift */,
				F173475A261855C5009EC5D6 /* SceneDelegate.swift */,
			);
			path = Application;
			sourceTree = "<group>";
		};
		F121DEE5261B3BE600B09F21 /* Resources */ = {
			isa = PBXGroup;
			children = (
				F1734761261855CA009EC5D6 /* Assets.xcassets */,
				F1734763261855CA009EC5D6 /* LaunchScreen.storyboard */,
				F1734766261855CA009EC5D6 /* Info.plist */,
			);
			path = Resources;
			sourceTree = "<group>";
		};
		F121DEE6261B3BF900B09F21 /* Common */ = {
			isa = PBXGroup;
			children = (
				F121DEE8261B3C7300B09F21 /* Extension */,
				F121DEE7261B3C0800B09F21 /* Network */,
			);
			path = Common;
			sourceTree = "<group>";
		};
		F121DEE7261B3C0800B09F21 /* Network */ = {
			isa = PBXGroup;
			children = (
				F121DEF0261B3CD100B09F21 /* NetworkModule.swift */,
			);
			path = Network;
			sourceTree = "<group>";
		};
		F121DEE8261B3C7300B09F21 /* Extension */ = {
			isa = PBXGroup;
			children = (
				22923828261B45CA00B50884 /* NSObject_extension.swift */,
				F121DEED261B3C9B00B09F21 /* UIColor_extension.swift */,
				2292381D261B431700B50884 /* UIView_extension.swift */,
				2292382B261B461300B50884 /* UIAlertController_extension.swift */,
				22923833261B471C00B50884 /* UIViewController_extension.swift */,
			);
			path = Extension;
			sourceTree = "<group>";
		};
		F121DF312623374000B09F21 /* Tab */ = {
			isa = PBXGroup;
			children = (
				F121DF2A26230BA000B09F21 /* TabBarFactory.swift */,
				F121DF192623083400B09F21 /* MainTabBarController.swift */,
			);
			path = Tab;
			sourceTree = "<group>";
		};
		F121DF322623376A00B09F21 /* Search */ = {
			isa = PBXGroup;
			children = (
				F121DF1F262308AC00B09F21 /* SearchViewController.swift */,
			);
			path = Search;
			sourceTree = "<group>";
		};
		F121DF332623377600B09F21 /* NewsFeed */ = {
			isa = PBXGroup;
			children = (
				22618933262F07E900A9B77B /* NewsFeed.storyboard */,
				2224BA852639368100E620C4 /* CustomSegmentedControl.swift */,
				2224BA882639378400E620C4 /* NewsContainerViewController.swift */,
				2224BA90263943B900E620C4 /* FeedPageViewController.swift */,
				F121DF22262308C500B09F21 /* NewsFeedViewController.swift */,
				2261893D262F0A1400A9B77B /* MenuCollectionViewCell.swift */,
				22618937262F09EA00A9B77B /* FeedTableViewCell1.swift */,
				2224BA962639694D00E620C4 /* FeedTableViewCell2.swift */,
				2224BA9A26396C1B00E620C4 /* FeedTableViewCell3.swift */,
				2224BA9D26396D2500E620C4 /* FeedTableViewCell4.swift */,
				22618941262F0DE100A9B77B /* NewsDetailsViewController.swift */,
				2224BAA12639805B00E620C4 /* Skeleton */,
			);
			path = NewsFeed;
			sourceTree = "<group>";
		};
		F121DF342623381200B09F21 /* Home */ = {
			isa = PBXGroup;
			children = (
				F1A8DF5B2635961600937B31 /* View */,
				F1A8DF5A2635960700937B31 /* Model */,
				F1A8DF5C2635963700937B31 /* HomeRepository.swift */,
				F1A8DF5F2635C8D900937B31 /* HomeViewModel.swift */,
			);
			path = Home;
			sourceTree = "<group>";
		};
		F121DF352623381C00B09F21 /* MyPage */ = {
			isa = PBXGroup;
			children = (
				F121DF25262308DF00B09F21 /* MypageViewController.swift */,
			);
			path = MyPage;
			sourceTree = "<group>";
		};
		F121DF362623382F00B09F21 /* Login */ = {
			isa = PBXGroup;
			children = (
				F121DF122623049600B09F21 /* LoginViewController.swift */,
				F121DF162623075B00B09F21 /* SignUpViewController.swift */,
			);
			path = Login;
			sourceTree = "<group>";
		};
		F173474C261855C5009EC5D6 = {
			isa = PBXGroup;
			children = (
				F121DED426185A6C00B09F21 /* .swiftlint.yml */,
				F1734757261855C5009EC5D6 /* Digin */,
				F1734756261855C5009EC5D6 /* Products */,
			);
			sourceTree = "<group>";
		};
		F1734756261855C5009EC5D6 /* Products */ = {
			isa = PBXGroup;
			children = (
				F1734755261855C5009EC5D6 /* Digin.app */,
			);
			name = Products;
			sourceTree = "<group>";
		};
		F1734757261855C5009EC5D6 /* Digin */ = {
			isa = PBXGroup;
			children = (
				F121DF362623382F00B09F21 /* Login */,
				F121DEE6261B3BF900B09F21 /* Common */,
				F121DEE3261B396300B09F21 /* Application */,
				F121DEDE26185CE200B09F21 /* Main */,
				F121DEE5261B3BE600B09F21 /* Resources */,
			);
			path = Digin;
			sourceTree = "<group>";
		};
		F1A8DF5A2635960700937B31 /* Model */ = {
			isa = PBXGroup;
			children = (
				F1A8DF572635925700937B31 /* Company.swift */,
				F1A8DF642635D3B200937B31 /* HomeDummy.json */,
			);
			path = Model;
			sourceTree = "<group>";
		};
		F1A8DF5B2635961600937B31 /* View */ = {
			isa = PBXGroup;
			children = (
				F121DF1C2623087900B09F21 /* HomeViewController.swift */,
				F1562900262DC538004FB256 /* HomeGreetingHeaderView.swift */,
				F1504BC9263B00C2007C82F2 /* GreetingCell.swift */,
				F1504BC5263AF3DC007C82F2 /* SlideOpenView.swift */,
				F1504BC7263AF4CF007C82F2 /* RoundShadowView.swift */,
				F1A8DF702637179700937B31 /* HomeHorizontalGridCell.swift */,
				F1562903262DC89B004FB256 /* HomeGridCell.swift */,
			);
			path = View;
			sourceTree = "<group>";
		};
/* End PBXGroup section */

/* Begin PBXNativeTarget section */
		F1734754261855C5009EC5D6 /* Digin */ = {
			isa = PBXNativeTarget;
			buildConfigurationList = F1734769261855CA009EC5D6 /* Build configuration list for PBXNativeTarget "Digin" */;
			buildPhases = (
				F1734751261855C5009EC5D6 /* Sources */,
				F1734752261855C5009EC5D6 /* Frameworks */,
				F1734753261855C5009EC5D6 /* Resources */,
				F121DED22618599A00B09F21 /* ShellScript */,
			);
			buildRules = (
			);
			dependencies = (
			);
			name = Digin;
			productName = Digin;
			productReference = F1734755261855C5009EC5D6 /* Digin.app */;
			productType = "com.apple.product-type.application";
		};
/* End PBXNativeTarget section */

/* Begin PBXProject section */
		F173474D261855C5009EC5D6 /* Project object */ = {
			isa = PBXProject;
			attributes = {
				LastSwiftUpdateCheck = 1240;
				LastUpgradeCheck = 1240;
				TargetAttributes = {
					F1734754261855C5009EC5D6 = {
						CreatedOnToolsVersion = 12.4;
					};
				};
			};
			buildConfigurationList = F1734750261855C5009EC5D6 /* Build configuration list for PBXProject "Digin" */;
			compatibilityVersion = "Xcode 9.3";
			developmentRegion = en;
			hasScannedForEncodings = 0;
			knownRegions = (
				en,
				Base,
			);
			mainGroup = F173474C261855C5009EC5D6;
			productRefGroup = F1734756261855C5009EC5D6 /* Products */;
			projectDirPath = "";
			projectRoot = "";
			targets = (
				F1734754261855C5009EC5D6 /* Digin */,
			);
		};
/* End PBXProject section */

/* Begin PBXResourcesBuildPhase section */
		F1734753261855C5009EC5D6 /* Resources */ = {
			isa = PBXResourcesBuildPhase;
			buildActionMask = 2147483647;
			files = (
				F121DED526185A6C00B09F21 /* .swiftlint.yml in Resources */,
				22618934262F07E900A9B77B /* NewsFeed.storyboard in Resources */,
				F1734765261855CA009EC5D6 /* LaunchScreen.storyboard in Resources */,
				F1734762261855CA009EC5D6 /* Assets.xcassets in Resources */,
				F1734760261855C5009EC5D6 /* Main.storyboard in Resources */,
				F1A8DF652635D3B200937B31 /* HomeDummy.json in Resources */,
			);
			runOnlyForDeploymentPostprocessing = 0;
		};
/* End PBXResourcesBuildPhase section */

/* Begin PBXShellScriptBuildPhase section */
		F121DED22618599A00B09F21 /* ShellScript */ = {
			isa = PBXShellScriptBuildPhase;
			buildActionMask = 2147483647;
			files = (
			);
			inputFileListPaths = (
			);
			inputPaths = (
			);
			outputFileListPaths = (
			);
			outputPaths = (
			);
			runOnlyForDeploymentPostprocessing = 0;
			shellPath = /bin/sh;
			shellScript = "if which swiftlint >/dev/null; then\n  swiftlint autocorrect && swiftlint\nelse\n  echo \"warning: SwiftLint not installed, download from https://github.com/realm/SwiftLint\"\nfi\n";
		};
/* End PBXShellScriptBuildPhase section */

/* Begin PBXSourcesBuildPhase section */
		F1734751261855C5009EC5D6 /* Sources */ = {
			isa = PBXSourcesBuildPhase;
			buildActionMask = 2147483647;
			files = (
				F1734759261855C5009EC5D6 /* AppDelegate.swift in Sources */,
				2224BAC2263AA86800E620C4 /* FeedSkeletonTableViewCell4.swift in Sources */,
				F173475B261855C5009EC5D6 /* SceneDelegate.swift in Sources */,
				2224BA9E26396D2500E620C4 /* FeedTableViewCell4.swift in Sources */,
				2224BA91263943B900E620C4 /* FeedPageViewController.swift in Sources */,
				22618945262F120100A9B77B /* SkeletonLoadable.swift in Sources */,
				2224BA892639378400E620C4 /* NewsContainerViewController.swift in Sources */,
				F121DF1A2623083400B09F21 /* MainTabBarController.swift in Sources */,
				2292381E261B431700B50884 /* UIView_extension.swift in Sources */,
				F121DF172623075B00B09F21 /* SignUpViewController.swift in Sources */,
				2292382C261B461300B50884 /* UIAlertController_extension.swift in Sources */,
				F1504BCA263B00C2007C82F2 /* GreetingCell.swift in Sources */,
				F121DEF1261B3CD100B09F21 /* NetworkModule.swift in Sources */,
				F1A8DF582635925700937B31 /* Company.swift in Sources */,
				2261893E262F0A1400A9B77B /* MenuCollectionViewCell.swift in Sources */,
				F1A8DF602635C8D900937B31 /* HomeViewModel.swift in Sources */,
				F1504BC6263AF3DC007C82F2 /* SlideOpenView.swift in Sources */,
				F121DF26262308DF00B09F21 /* MypageViewController.swift in Sources */,
				2224BABF263AA84900E620C4 /* FeedSkeletonTableViewCell2.swift in Sources */,
				2224BAB9263AA5A600E620C4 /* FeedSkeletonTableViewCell3.swift in Sources */,
				22618942262F0DE100A9B77B /* NewsDetailsViewController.swift in Sources */,
				F121DEDC26185C3000B09F21 /* MainViewController.swift in Sources */,
				F121DF2B26230BA000B09F21 /* TabBarFactory.swift in Sources */,
				22618938262F09EA00A9B77B /* FeedTableViewCell1.swift in Sources */,
				2224BA9B26396C1B00E620C4 /* FeedTableViewCell3.swift in Sources */,
				2224BABC263AA80F00E620C4 /* FeedSkeletonTableViewCell1.swift in Sources */,
				F1504BC8263AF4CF007C82F2 /* RoundShadowView.swift in Sources */,
				F121DF2B26230BA000B09F21 /* TabBarFactory.swift in Sources */,
				F1A8DF5D2635963700937B31 /* HomeRepository.swift in Sources */,
				F1A8DF712637179700937B31 /* HomeHorizontalGridCell.swift in Sources */,
				F121DF20262308AC00B09F21 /* SearchViewController.swift in Sources */,
				F1562901262DC538004FB256 /* HomeGreetingHeaderView.swift in Sources */,
				F121DEEE261B3C9B00B09F21 /* UIColor_extension.swift in Sources */,
				22923834261B471C00B50884 /* UIViewController_extension.swift in Sources */,
				F121DF132623049600B09F21 /* LoginViewController.swift in Sources */,
				F121DF1D2623087900B09F21 /* HomeViewController.swift in Sources */,
				22923829261B45CA00B50884 /* NSObject_extension.swift in Sources */,
				2224BA972639694D00E620C4 /* FeedTableViewCell2.swift in Sources */,
				2224BA862639368100E620C4 /* CustomSegmentedControl.swift in Sources */,
				F1562904262DC89B004FB256 /* HomeGridCell.swift in Sources */,
				F121DF23262308C500B09F21 /* NewsFeedViewController.swift in Sources */,
			);
			runOnlyForDeploymentPostprocessing = 0;
		};
/* End PBXSourcesBuildPhase section */

/* Begin PBXVariantGroup section */
		F173475E261855C5009EC5D6 /* Main.storyboard */ = {
			isa = PBXVariantGroup;
			children = (
				F173475F261855C5009EC5D6 /* Base */,
			);
			name = Main.storyboard;
			sourceTree = "<group>";
		};
		F1734763261855CA009EC5D6 /* LaunchScreen.storyboard */ = {
			isa = PBXVariantGroup;
			children = (
				F1734764261855CA009EC5D6 /* Base */,
			);
			name = LaunchScreen.storyboard;
			sourceTree = "<group>";
		};
/* End PBXVariantGroup section */

/* Begin XCBuildConfiguration section */
		F1734767261855CA009EC5D6 /* Debug */ = {
			isa = XCBuildConfiguration;
			buildSettings = {
				ALWAYS_SEARCH_USER_PATHS = NO;
				CLANG_ANALYZER_NONNULL = YES;
				CLANG_ANALYZER_NUMBER_OBJECT_CONVERSION = YES_AGGRESSIVE;
				CLANG_CXX_LANGUAGE_STANDARD = "gnu++14";
				CLANG_CXX_LIBRARY = "libc++";
				CLANG_ENABLE_MODULES = YES;
				CLANG_ENABLE_OBJC_ARC = YES;
				CLANG_ENABLE_OBJC_WEAK = YES;
				CLANG_WARN_BLOCK_CAPTURE_AUTORELEASING = YES;
				CLANG_WARN_BOOL_CONVERSION = YES;
				CLANG_WARN_COMMA = YES;
				CLANG_WARN_CONSTANT_CONVERSION = YES;
				CLANG_WARN_DEPRECATED_OBJC_IMPLEMENTATIONS = YES;
				CLANG_WARN_DIRECT_OBJC_ISA_USAGE = YES_ERROR;
				CLANG_WARN_DOCUMENTATION_COMMENTS = YES;
				CLANG_WARN_EMPTY_BODY = YES;
				CLANG_WARN_ENUM_CONVERSION = YES;
				CLANG_WARN_INFINITE_RECURSION = YES;
				CLANG_WARN_INT_CONVERSION = YES;
				CLANG_WARN_NON_LITERAL_NULL_CONVERSION = YES;
				CLANG_WARN_OBJC_IMPLICIT_RETAIN_SELF = YES;
				CLANG_WARN_OBJC_LITERAL_CONVERSION = YES;
				CLANG_WARN_OBJC_ROOT_CLASS = YES_ERROR;
				CLANG_WARN_QUOTED_INCLUDE_IN_FRAMEWORK_HEADER = YES;
				CLANG_WARN_RANGE_LOOP_ANALYSIS = YES;
				CLANG_WARN_STRICT_PROTOTYPES = YES;
				CLANG_WARN_SUSPICIOUS_MOVE = YES;
				CLANG_WARN_UNGUARDED_AVAILABILITY = YES_AGGRESSIVE;
				CLANG_WARN_UNREACHABLE_CODE = YES;
				CLANG_WARN__DUPLICATE_METHOD_MATCH = YES;
				COPY_PHASE_STRIP = NO;
				DEBUG_INFORMATION_FORMAT = dwarf;
				ENABLE_STRICT_OBJC_MSGSEND = YES;
				ENABLE_TESTABILITY = YES;
				GCC_C_LANGUAGE_STANDARD = gnu11;
				GCC_DYNAMIC_NO_PIC = NO;
				GCC_NO_COMMON_BLOCKS = YES;
				GCC_OPTIMIZATION_LEVEL = 0;
				GCC_PREPROCESSOR_DEFINITIONS = (
					"DEBUG=1",
					"$(inherited)",
				);
				GCC_WARN_64_TO_32_BIT_CONVERSION = YES;
				GCC_WARN_ABOUT_RETURN_TYPE = YES_ERROR;
				GCC_WARN_UNDECLARED_SELECTOR = YES;
				GCC_WARN_UNINITIALIZED_AUTOS = YES_AGGRESSIVE;
				GCC_WARN_UNUSED_FUNCTION = YES;
				GCC_WARN_UNUSED_VARIABLE = YES;
				IPHONEOS_DEPLOYMENT_TARGET = 13.0;
				MTL_ENABLE_DEBUG_INFO = INCLUDE_SOURCE;
				MTL_FAST_MATH = YES;
				ONLY_ACTIVE_ARCH = YES;
				SDKROOT = iphoneos;
				SWIFT_ACTIVE_COMPILATION_CONDITIONS = DEBUG;
				SWIFT_OPTIMIZATION_LEVEL = "-Onone";
			};
			name = Debug;
		};
		F1734768261855CA009EC5D6 /* Release */ = {
			isa = XCBuildConfiguration;
			buildSettings = {
				ALWAYS_SEARCH_USER_PATHS = NO;
				CLANG_ANALYZER_NONNULL = YES;
				CLANG_ANALYZER_NUMBER_OBJECT_CONVERSION = YES_AGGRESSIVE;
				CLANG_CXX_LANGUAGE_STANDARD = "gnu++14";
				CLANG_CXX_LIBRARY = "libc++";
				CLANG_ENABLE_MODULES = YES;
				CLANG_ENABLE_OBJC_ARC = YES;
				CLANG_ENABLE_OBJC_WEAK = YES;
				CLANG_WARN_BLOCK_CAPTURE_AUTORELEASING = YES;
				CLANG_WARN_BOOL_CONVERSION = YES;
				CLANG_WARN_COMMA = YES;
				CLANG_WARN_CONSTANT_CONVERSION = YES;
				CLANG_WARN_DEPRECATED_OBJC_IMPLEMENTATIONS = YES;
				CLANG_WARN_DIRECT_OBJC_ISA_USAGE = YES_ERROR;
				CLANG_WARN_DOCUMENTATION_COMMENTS = YES;
				CLANG_WARN_EMPTY_BODY = YES;
				CLANG_WARN_ENUM_CONVERSION = YES;
				CLANG_WARN_INFINITE_RECURSION = YES;
				CLANG_WARN_INT_CONVERSION = YES;
				CLANG_WARN_NON_LITERAL_NULL_CONVERSION = YES;
				CLANG_WARN_OBJC_IMPLICIT_RETAIN_SELF = YES;
				CLANG_WARN_OBJC_LITERAL_CONVERSION = YES;
				CLANG_WARN_OBJC_ROOT_CLASS = YES_ERROR;
				CLANG_WARN_QUOTED_INCLUDE_IN_FRAMEWORK_HEADER = YES;
				CLANG_WARN_RANGE_LOOP_ANALYSIS = YES;
				CLANG_WARN_STRICT_PROTOTYPES = YES;
				CLANG_WARN_SUSPICIOUS_MOVE = YES;
				CLANG_WARN_UNGUARDED_AVAILABILITY = YES_AGGRESSIVE;
				CLANG_WARN_UNREACHABLE_CODE = YES;
				CLANG_WARN__DUPLICATE_METHOD_MATCH = YES;
				COPY_PHASE_STRIP = NO;
				DEBUG_INFORMATION_FORMAT = "dwarf-with-dsym";
				ENABLE_NS_ASSERTIONS = NO;
				ENABLE_STRICT_OBJC_MSGSEND = YES;
				GCC_C_LANGUAGE_STANDARD = gnu11;
				GCC_NO_COMMON_BLOCKS = YES;
				GCC_WARN_64_TO_32_BIT_CONVERSION = YES;
				GCC_WARN_ABOUT_RETURN_TYPE = YES_ERROR;
				GCC_WARN_UNDECLARED_SELECTOR = YES;
				GCC_WARN_UNINITIALIZED_AUTOS = YES_AGGRESSIVE;
				GCC_WARN_UNUSED_FUNCTION = YES;
				GCC_WARN_UNUSED_VARIABLE = YES;
				IPHONEOS_DEPLOYMENT_TARGET = 13.0;
				MTL_ENABLE_DEBUG_INFO = NO;
				MTL_FAST_MATH = YES;
				SDKROOT = iphoneos;
				SWIFT_COMPILATION_MODE = wholemodule;
				SWIFT_OPTIMIZATION_LEVEL = "-O";
				VALIDATE_PRODUCT = YES;
			};
			name = Release;
		};
		F173476A261855CA009EC5D6 /* Debug */ = {
			isa = XCBuildConfiguration;
			buildSettings = {
				ASSETCATALOG_COMPILER_APPICON_NAME = AppIcon;
				ASSETCATALOG_COMPILER_GLOBAL_ACCENT_COLOR_NAME = AccentColor;
				CODE_SIGN_STYLE = Automatic;
				DEVELOPMENT_TEAM = 585U699PLX;
				INFOPLIST_FILE = Digin/Resources/Info.plist;
				LD_RUNPATH_SEARCH_PATHS = (
					"$(inherited)",
					"@executable_path/Frameworks",
				);
				PRODUCT_BUNDLE_IDENTIFIER = Digin.com;
				PRODUCT_NAME = "$(TARGET_NAME)";
				SWIFT_VERSION = 5.0;
				TARGETED_DEVICE_FAMILY = "1,2";
			};
			name = Debug;
		};
		F173476B261855CA009EC5D6 /* Release */ = {
			isa = XCBuildConfiguration;
			buildSettings = {
				ASSETCATALOG_COMPILER_APPICON_NAME = AppIcon;
				ASSETCATALOG_COMPILER_GLOBAL_ACCENT_COLOR_NAME = AccentColor;
				CODE_SIGN_STYLE = Automatic;
				DEVELOPMENT_TEAM = 585U699PLX;
				INFOPLIST_FILE = Digin/Resources/Info.plist;
				LD_RUNPATH_SEARCH_PATHS = (
					"$(inherited)",
					"@executable_path/Frameworks",
				);
				PRODUCT_BUNDLE_IDENTIFIER = Digin.com;
				PRODUCT_NAME = "$(TARGET_NAME)";
				SWIFT_VERSION = 5.0;
				TARGETED_DEVICE_FAMILY = "1,2";
			};
			name = Release;
		};
/* End XCBuildConfiguration section */

/* Begin XCConfigurationList section */
		F1734750261855C5009EC5D6 /* Build configuration list for PBXProject "Digin" */ = {
			isa = XCConfigurationList;
			buildConfigurations = (
				F1734767261855CA009EC5D6 /* Debug */,
				F1734768261855CA009EC5D6 /* Release */,
			);
			defaultConfigurationIsVisible = 0;
			defaultConfigurationName = Release;
		};
		F1734769261855CA009EC5D6 /* Build configuration list for PBXNativeTarget "Digin" */ = {
			isa = XCConfigurationList;
			buildConfigurations = (
				F173476A261855CA009EC5D6 /* Debug */,
				F173476B261855CA009EC5D6 /* Release */,
			);
			defaultConfigurationIsVisible = 0;
			defaultConfigurationName = Release;
		};
/* End XCConfigurationList section */
	};
	rootObject = F173474D261855C5009EC5D6 /* Project object */;
}
