{
  "object": {
    "pins": [
      {
        "package": "Kingfisher",
        "repositoryURL": "https://github.com/onevcat/Kingfisher.git",
        "state": {
          "branch": "version6-xcode13",
          "revision": "5ecd8df18f1750efaa57d1b9623090156da01ef3",
          "version": null
        }
      },
      {
        "package": "Lottie",
        "repositoryURL": "https://github.com/airbnb/lottie-ios.git",
        "state": {
          "branch": "master",
          "revision": "79a0b70547f7c40ea54c67487f935fa2f2eaaadc",
          "version": null
        }
      }
    ]
  },
  "version": 1
}
